// !$*UTF8*$!
{
	archiveVersion = 1;
	classes = {
	};
	objectVersion = 46;
	objects = {

/* Begin PBXBuildFile section */
		2C76331A19B4F6140003DCB1 /* AppDelegate.swift in Sources */ = {isa = PBXBuildFile; fileRef = 2C76331919B4F6140003DCB1 /* AppDelegate.swift */; };
		2C76331C19B4F6140003DCB1 /* MasterViewController.swift in Sources */ = {isa = PBXBuildFile; fileRef = 2C76331B19B4F6140003DCB1 /* MasterViewController.swift */; };
		2C76331E19B4F6140003DCB1 /* DetailViewController.swift in Sources */ = {isa = PBXBuildFile; fileRef = 2C76331D19B4F6140003DCB1 /* DetailViewController.swift */; };
		2C76332119B4F6140003DCB1 /* Main.storyboard in Resources */ = {isa = PBXBuildFile; fileRef = 2C76331F19B4F6140003DCB1 /* Main.storyboard */; };
		2C76332319B4F6140003DCB1 /* Images.xcassets in Resources */ = {isa = PBXBuildFile; fileRef = 2C76332219B4F6140003DCB1 /* Images.xcassets */; };
		2C76332F19B4F6140003DCB1 /* TestTableSwiftTests.swift in Sources */ = {isa = PBXBuildFile; fileRef = 2C76332E19B4F6140003DCB1 /* TestTableSwiftTests.swift */; };
/* End PBXBuildFile section */

/* Begin PBXContainerItemProxy section */
		2C76332919B4F6140003DCB1 /* PBXContainerItemProxy */ = {
			isa = PBXContainerItemProxy;
			containerPortal = 2C76330C19B4F6140003DCB1 /* Project object */;
			proxyType = 1;
			remoteGlobalIDString = 2C76331319B4F6140003DCB1;
			remoteInfo = TestTableSwift;
		};
/* End PBXContainerItemProxy section */

/* Begin PBXFileReference section */
		2C76331419B4F6140003DCB1 /* TestTableSwift.app */ = {isa = PBXFileReference; explicitFileType = wrapper.application; includeInIndex = 0; path = TestTableSwift.app; sourceTree = BUILT_PRODUCTS_DIR; };
		2C76331819B4F6140003DCB1 /* Info.plist */ = {isa = PBXFileReference; lastKnownFileType = text.plist.xml; path = Info.plist; sourceTree = "<group>"; };
		2C76331919B4F6140003DCB1 /* AppDelegate.swift */ = {isa = PBXFileReference; lastKnownFileType = sourcecode.swift; path = AppDelegate.swift; sourceTree = "<group>"; };
		2C76331B19B4F6140003DCB1 /* MasterViewController.swift */ = {isa = PBXFileReference; lastKnownFileType = sourcecode.swift; path = MasterViewController.swift; sourceTree = "<group>"; };
		2C76331D19B4F6140003DCB1 /* DetailViewController.swift */ = {isa = PBXFileReference; lastKnownFileType = sourcecode.swift; path = DetailViewController.swift; sourceTree = "<group>"; };
		2C76332019B4F6140003DCB1 /* Base */ = {isa = PBXFileReference; lastKnownFileType = file.storyboard; name = Base; path = Base.lproj/Main.storyboard; sourceTree = "<group>"; };
		2C76332219B4F6140003DCB1 /* Images.xcassets */ = {isa = PBXFileReference; lastKnownFileType = folder.assetcatalog; path = Images.xcassets; sourceTree = "<group>"; };
		2C76332819B4F6140003DCB1 /* TestTableSwiftTests.xctest */ = {isa = PBXFileReference; explicitFileType = wrapper.cfbundle; includeInIndex = 0; path = TestTableSwiftTests.xctest; sourceTree = BUILT_PRODUCTS_DIR; };
		2C76332D19B4F6140003DCB1 /* Info.plist */ = {isa = PBXFileReference; lastKnownFileType = text.plist.xml; path = Info.plist; sourceTree = "<group>"; };
		2C76332E19B4F6140003DCB1 /* TestTableSwiftTests.swift */ = {isa = PBXFileReference; lastKnownFileType = sourcecode.swift; path = TestTableSwiftTests.swift; sourceTree = "<group>"; };
/* End PBXFileReference section */

/* Begin PBXFrameworksBuildPhase section */
		2C76331119B4F6140003DCB1 /* Frameworks */ = {
			isa = PBXFrameworksBuildPhase;
			buildActionMask = 2147483647;
			files = (
			);
			runOnlyForDeploymentPostprocessing = 0;
		};
		2C76332519B4F6140003DCB1 /* Frameworks */ = {
			isa = PBXFrameworksBuildPhase;
			buildActionMask = 2147483647;
			files = (
			);
			runOnlyForDeploymentPostprocessing = 0;
		};
/* End PBXFrameworksBuildPhase section */

/* Begin PBXGroup section */
		2C76330B19B4F6140003DCB1 = {
			isa = PBXGroup;
			children = (
				2C76331619B4F6140003DCB1 /* TestTableSwift */,
				2C76332B19B4F6140003DCB1 /* TestTableSwiftTests */,
				2C76331519B4F6140003DCB1 /* Products */,
			);
			sourceTree = "<group>";
		};
		2C76331519B4F6140003DCB1 /* Products */ = {
			isa = PBXGroup;
			children = (
				2C76331419B4F6140003DCB1 /* TestTableSwift.app */,
				2C76332819B4F6140003DCB1 /* TestTableSwiftTests.xctest */,
			);
			name = Products;
			sourceTree = "<group>";
		};
		2C76331619B4F6140003DCB1 /* TestTableSwift */ = {
			isa = PBXGroup;
			children = (
				2C76331919B4F6140003DCB1 /* AppDelegate.swift */,
				2C76331B19B4F6140003DCB1 /* MasterViewController.swift */,
				2C76331D19B4F6140003DCB1 /* DetailViewController.swift */,
				2C76331F19B4F6140003DCB1 /* Main.storyboard */,
				2C76332219B4F6140003DCB1 /* Images.xcassets */,
				2C76331719B4F6140003DCB1 /* Supporting Files */,
			);
			path = TestTableSwift;
			sourceTree = "<group>";
		};
		2C76331719B4F6140003DCB1 /* Supporting Files */ = {
			isa = PBXGroup;
			children = (
				2C76331819B4F6140003DCB1 /* Info.plist */,
			);
			name = "Supporting Files";
			sourceTree = "<group>";
		};
		2C76332B19B4F6140003DCB1 /* TestTableSwiftTests */ = {
			isa = PBXGroup;
			children = (
				2C76332E19B4F6140003DCB1 /* TestTableSwiftTests.swift */,
				2C76332C19B4F6140003DCB1 /* Supporting Files */,
			);
			path = TestTableSwiftTests;
			sourceTree = "<group>";
		};
		2C76332C19B4F6140003DCB1 /* Supporting Files */ = {
			isa = PBXGroup;
			children = (
				2C76332D19B4F6140003DCB1 /* Info.plist */,
			);
			name = "Supporting Files";
			sourceTree = "<group>";
		};
/* End PBXGroup section */

/* Begin PBXNativeTarget section */
		2C76331319B4F6140003DCB1 /* TestTableSwift */ = {
			isa = PBXNativeTarget;
			buildConfigurationList = 2C76333219B4F6140003DCB1 /* Build configuration list for PBXNativeTarget "TestTableSwift" */;
			buildPhases = (
				2C76331019B4F6140003DCB1 /* Sources */,
				2C76331119B4F6140003DCB1 /* Frameworks */,
				2C76331219B4F6140003DCB1 /* Resources */,
			);
			buildRules = (
			);
			dependencies = (
			);
			name = TestTableSwift;
			productName = TestTableSwift;
			productReference = 2C76331419B4F6140003DCB1 /* TestTableSwift.app */;
			productType = "com.apple.product-type.application";
		};
		2C76332719B4F6140003DCB1 /* TestTableSwiftTests */ = {
			isa = PBXNativeTarget;
			buildConfigurationList = 2C76333519B4F6140003DCB1 /* Build configuration list for PBXNativeTarget "TestTableSwiftTests" */;
			buildPhases = (
				2C76332419B4F6140003DCB1 /* Sources */,
				2C76332519B4F6140003DCB1 /* Frameworks */,
				2C76332619B4F6140003DCB1 /* Resources */,
			);
			buildRules = (
			);
			dependencies = (
				2C76332A19B4F6140003DCB1 /* PBXTargetDependency */,
			);
			name = TestTableSwiftTests;
			productName = TestTableSwiftTests;
			productReference = 2C76332819B4F6140003DCB1 /* TestTableSwiftTests.xctest */;
			productType = "com.apple.product-type.bundle.unit-test";
		};
/* End PBXNativeTarget section */

/* Begin PBXProject section */
		2C76330C19B4F6140003DCB1 /* Project object */ = {
			isa = PBXProject;
			attributes = {
				LastUpgradeCheck = 0600;
				ORGANIZATIONNAME = metodowhite;
				TargetAttributes = {
					2C76331319B4F6140003DCB1 = {
						CreatedOnToolsVersion = 6.0;
					};
					2C76332719B4F6140003DCB1 = {
						CreatedOnToolsVersion = 6.0;
						TestTargetID = 2C76331319B4F6140003DCB1;
					};
				};
			};
			buildConfigurationList = 2C76330F19B4F6140003DCB1 /* Build configuration list for PBXProject "TestTableSwift" */;
			compatibilityVersion = "Xcode 3.2";
			developmentRegion = English;
			hasScannedForEncodings = 0;
			knownRegions = (
				en,
				Base,
			);
			mainGroup = 2C76330B19B4F6140003DCB1;
			productRefGroup = 2C76331519B4F6140003DCB1 /* Products */;
			projectDirPath = "";
			projectRoot = "";
			targets = (
				2C76331319B4F6140003DCB1 /* TestTableSwift */,
				2C76332719B4F6140003DCB1 /* TestTableSwiftTests */,
			);
		};
/* End PBXProject section */

/* Begin PBXResourcesBuildPhase section */
		2C76331219B4F6140003DCB1 /* Resources */ = {
			isa = PBXResourcesBuildPhase;
			buildActionMask = 2147483647;
			files = (
				2C76332119B4F6140003DCB1 /* Main.storyboard in Resources */,
				2C76332319B4F6140003DCB1 /* Images.xcassets in Resources */,
			);
			runOnlyForDeploymentPostprocessing = 0;
		};
		2C76332619B4F6140003DCB1 /* Resources */ = {
			isa = PBXResourcesBuildPhase;
			buildActionMask = 2147483647;
			files = (
			);
			runOnlyForDeploymentPostprocessing = 0;
		};
/* End PBXResourcesBuildPhase section */

/* Begin PBXSourcesBuildPhase section */
		2C76331019B4F6140003DCB1 /* Sources */ = {
			isa = PBXSourcesBuildPhase;
			buildActionMask = 2147483647;
			files = (
				2C76331E19B4F6140003DCB1 /* DetailViewController.swift in Sources */,
				2C76331C19B4F6140003DCB1 /* MasterViewController.swift in Sources */,
				2C76331A19B4F6140003DCB1 /* AppDelegate.swift in Sources */,
			);
			runOnlyForDeploymentPostprocessing = 0;
		};
		2C76332419B4F6140003DCB1 /* Sources */ = {
			isa = PBXSourcesBuildPhase;
			buildActionMask = 2147483647;
			files = (
				2C76332F19B4F6140003DCB1 /* TestTableSwiftTests.swift in Sources */,
			);
			runOnlyForDeploymentPostprocessing = 0;
		};
/* End PBXSourcesBuildPhase section */

/* Begin PBXTargetDependency section */
		2C76332A19B4F6140003DCB1 /* PBXTargetDependency */ = {
			isa = PBXTargetDependency;
			target = 2C76331319B4F6140003DCB1 /* TestTableSwift */;
			targetProxy = 2C76332919B4F6140003DCB1 /* PBXContainerItemProxy */;
		};
/* End PBXTargetDependency section */

/* Begin PBXVariantGroup section */
		2C76331F19B4F6140003DCB1 /* Main.storyboard */ = {
			isa = PBXVariantGroup;
			children = (
				2C76332019B4F6140003DCB1 /* Base */,
			);
			name = Main.storyboard;
			sourceTree = "<group>";
		};
/* End PBXVariantGroup section */

/* Begin XCBuildConfiguration section */
		2C76333019B4F6140003DCB1 /* Debug */ = {
			isa = XCBuildConfiguration;
			buildSettings = {
				ALWAYS_SEARCH_USER_PATHS = NO;
				CLANG_CXX_LANGUAGE_STANDARD = "gnu++0x";
				CLANG_CXX_LIBRARY = "libc++";
				CLANG_ENABLE_MODULES = YES;
				CLANG_ENABLE_OBJC_ARC = YES;
				CLANG_WARN_BOOL_CONVERSION = YES;
				CLANG_WARN_CONSTANT_CONVERSION = YES;
				CLANG_WARN_DIRECT_OBJC_ISA_USAGE = YES_ERROR;
				CLANG_WARN_EMPTY_BODY = YES;
				CLANG_WARN_ENUM_CONVERSION = YES;
				CLANG_WARN_INT_CONVERSION = YES;
				CLANG_WARN_OBJC_ROOT_CLASS = YES_ERROR;
				CLANG_WARN_UNREACHABLE_CODE = YES;
				CLANG_WARN__DUPLICATE_METHOD_MATCH = YES;
				"CODE_SIGN_IDENTITY[sdk=iphoneos*]" = "iPhone Developer";
				COPY_PHASE_STRIP = NO;
				ENABLE_STRICT_OBJC_MSGSEND = YES;
				GCC_C_LANGUAGE_STANDARD = gnu99;
				GCC_DYNAMIC_NO_PIC = NO;
				GCC_OPTIMIZATION_LEVEL = 0;
				GCC_PREPROCESSOR_DEFINITIONS = (
					"DEBUG=1",
					"$(inherited)",
				);
				GCC_SYMBOLS_PRIVATE_EXTERN = NO;
				GCC_WARN_64_TO_32_BIT_CONVERSION = YES;
				GCC_WARN_ABOUT_RETURN_TYPE = YES_ERROR;
				GCC_WARN_UNDECLARED_SELECTOR = YES;
				GCC_WARN_UNINITIALIZED_AUTOS = YES_AGGRESSIVE;
				GCC_WARN_UNUSED_FUNCTION = YES;
				GCC_WARN_UNUSED_VARIABLE = YES;
				IPHONEOS_DEPLOYMENT_TARGET = 8.0;
				MTL_ENABLE_DEBUG_INFO = YES;
				ONLY_ACTIVE_ARCH = YES;
				SDKROOT = iphoneos;
				SWIFT_OPTIMIZATION_LEVEL = "-Onone";
			};
			name = Debug;
		};
		2C76333119B4F6140003DCB1 /* Release */ = {
			isa = XCBuildConfiguration;
			buildSettings = {
				ALWAYS_SEARCH_USER_PATHS = NO;
				CLANG_CXX_LANGUAGE_STANDARD = "gnu++0x";
				CLANG_CXX_LIBRARY = "libc++";
				CLANG_ENABLE_MODULES = YES;
				CLANG_ENABLE_OBJC_ARC = YES;
				CLANG_WARN_BOOL_CONVERSION = YES;
				CLANG_WARN_CONSTANT_CONVERSION = YES;
				CLANG_WARN_DIRECT_OBJC_ISA_USAGE = YES_ERROR;
				CLANG_WARN_EMPTY_BODY = YES;
				CLANG_WARN_ENUM_CONVERSION = YES;
				CLANG_WARN_INT_CONVERSION = YES;
				CLANG_WARN_OBJC_ROOT_CLASS = YES_ERROR;
				CLANG_WARN_UNREACHABLE_CODE = YES;
				CLANG_WARN__DUPLICATE_METHOD_MATCH = YES;
				"CODE_SIGN_IDENTITY[sdk=iphoneos*]" = "iPhone Developer";
				COPY_PHASE_STRIP = YES;
				ENABLE_NS_ASSERTIONS = NO;
				ENABLE_STRICT_OBJC_MSGSEND = YES;
				GCC_C_LANGUAGE_STANDARD = gnu99;
				GCC_WARN_64_TO_32_BIT_CONVERSION = YES;
				GCC_WARN_ABOUT_RETURN_TYPE = YES_ERROR;
				GCC_WARN_UNDECLARED_SELECTOR = YES;
				GCC_WARN_UNINITIALIZED_AUTOS = YES_AGGRESSIVE;
				GCC_WARN_UNUSED_FUNCTION = YES;
				GCC_WARN_UNUSED_VARIABLE = YES;
				IPHONEOS_DEPLOYMENT_TARGET = 8.0;
				MTL_ENABLE_DEBUG_INFO = NO;
				SDKROOT = iphoneos;
				VALIDATE_PRODUCT = YES;
			};
			name = Release;
		};
		2C76333319B4F6140003DCB1 /* Debug */ = {
			isa = XCBuildConfiguration;
			buildSettings = {
				ASSETCATALOG_COMPILER_APPICON_NAME = AppIcon;
				ASSETCATALOG_COMPILER_LAUNCHIMAGE_NAME = LaunchImage;
				INFOPLIST_FILE = TestTableSwift/Info.plist;
				LD_RUNPATH_SEARCH_PATHS = "$(inherited) @executable_path/Frameworks";
				PRODUCT_NAME = "$(TARGET_NAME)";
			};
			name = Debug;
		};
		2C76333419B4F6140003DCB1 /* Release */ = {
			isa = XCBuildConfiguration;
			buildSettings = {
				ASSETCATALOG_COMPILER_APPICON_NAME = AppIcon;
				ASSETCATALOG_COMPILER_LAUNCHIMAGE_NAME = LaunchImage;
				INFOPLIST_FILE = TestTableSwift/Info.plist;
				LD_RUNPATH_SEARCH_PATHS = "$(inherited) @executable_path/Frameworks";
				PRODUCT_NAME = "$(TARGET_NAME)";
			};
			name = Release;
		};
		2C76333619B4F6140003DCB1 /* Debug */ = {
			isa = XCBuildConfiguration;
			buildSettings = {
				BUNDLE_LOADER = "$(TEST_HOST)";
				FRAMEWORK_SEARCH_PATHS = (
					"$(SDKROOT)/Developer/Library/Frameworks",
					"$(inherited)",
				);
				GCC_PREPROCESSOR_DEFINITIONS = (
					"DEBUG=1",
					"$(inherited)",
				);
				INFOPLIST_FILE = TestTableSwiftTests/Info.plist;
				LD_RUNPATH_SEARCH_PATHS = "$(inherited) @executable_path/Frameworks @loader_path/Frameworks";
				PRODUCT_NAME = "$(TARGET_NAME)";
				TEST_HOST = "$(BUILT_PRODUCTS_DIR)/TestTableSwift.app/TestTableSwift";
			};
			name = Debug;
		};
		2C76333719B4F6140003DCB1 /* Release */ = {
			isa = XCBuildConfiguration;
			buildSettings = {
				BUNDLE_LOADER = "$(TEST_HOST)";
				FRAMEWORK_SEARCH_PATHS = (
					"$(SDKROOT)/Developer/Library/Frameworks",
					"$(inherited)",
				);
				INFOPLIST_FILE = TestTableSwiftTests/Info.plist;
				LD_RUNPATH_SEARCH_PATHS = "$(inherited) @executable_path/Frameworks @loader_path/Frameworks";
				PRODUCT_NAME = "$(TARGET_NAME)";
				TEST_HOST = "$(BUILT_PRODUCTS_DIR)/TestTableSwift.app/TestTableSwift";
			};
			name = Release;
		};
/* End XCBuildConfiguration section */

/* Begin XCConfigurationList section */
		2C76330F19B4F6140003DCB1 /* Build configuration list for PBXProject "TestTableSwift" */ = {
			isa = XCConfigurationList;
			buildConfigurations = (
				2C76333019B4F6140003DCB1 /* Debug */,
				2C76333119B4F6140003DCB1 /* Release */,
			);
			defaultConfigurationIsVisible = 0;
			defaultConfigurationName = Release;
		};
		2C76333219B4F6140003DCB1 /* Build configuration list for PBXNativeTarget "TestTableSwift" */ = {
			isa = XCConfigurationList;
			buildConfigurations = (
				2C76333319B4F6140003DCB1 /* Debug */,
				2C76333419B4F6140003DCB1 /* Release */,
			);
			defaultConfigurationIsVisible = 0;
		};
		2C76333519B4F6140003DCB1 /* Build configuration list for PBXNativeTarget "TestTableSwiftTests" */ = {
			isa = XCConfigurationList;
			buildConfigurations = (
				2C76333619B4F6140003DCB1 /* Debug */,
				2C76333719B4F6140003DCB1 /* Release */,
			);
			defaultConfigurationIsVisible = 0;
		};
/* End XCConfigurationList section */
	};
	rootObject = 2C76330C19B4F6140003DCB1 /* Project object */;
}
