// !$*UTF8*$!
{
	archiveVersion = 1;
	classes = {
	};
	objectVersion = 46;
	objects = {

/* Begin PBXBuildFile section */
		2C93D7131986CFD700F888D2 /* main.m in Sources */ = {isa = PBXBuildFile; fileRef = 2C93D7121986CFD700F888D2 /* main.m */; };
		2C93D7161986CFD700F888D2 /* AppDelegate.m in Sources */ = {isa = PBXBuildFile; fileRef = 2C93D7151986CFD700F888D2 /* AppDelegate.m */; };
		2C93D7191986CFD700F888D2 /* MapViewController.m in Sources */ = {isa = PBXBuildFile; fileRef = 2C93D7181986CFD700F888D2 /* MapViewController.m */; };
		2C93D71C1986CFD700F888D2 /* Main.storyboard in Resources */ = {isa = PBXBuildFile; fileRef = 2C93D71A1986CFD700F888D2 /* Main.storyboard */; };
		2C93D71E1986CFD700F888D2 /* Images.xcassets in Resources */ = {isa = PBXBuildFile; fileRef = 2C93D71D1986CFD700F888D2 /* Images.xcassets */; };
		2C93D72A1986CFD700F888D2 /* CoreLocationAndMapsTests.m in Sources */ = {isa = PBXBuildFile; fileRef = 2C93D7291986CFD700F888D2 /* CoreLocationAndMapsTests.m */; };
		2C93D7381986D0A500F888D2 /* MapKit.framework in Frameworks */ = {isa = PBXBuildFile; fileRef = 2C93D7371986D0A500F888D2 /* MapKit.framework */; };
		2C93D73E1986DC0900F888D2 /* MyAnnotation.m in Sources */ = {isa = PBXBuildFile; fileRef = 2C93D73D1986DC0900F888D2 /* MyAnnotation.m */; };
/* End PBXBuildFile section */

/* Begin PBXContainerItemProxy section */
		2C93D7241986CFD700F888D2 /* PBXContainerItemProxy */ = {
			isa = PBXContainerItemProxy;
			containerPortal = 2C93D7051986CFD700F888D2 /* Project object */;
			proxyType = 1;
			remoteGlobalIDString = 2C93D70C1986CFD700F888D2;
			remoteInfo = CoreLocationAndMaps;
		};
		2C93D7331986D06B00F888D2 /* PBXContainerItemProxy */ = {
			isa = PBXContainerItemProxy;
			containerPortal = 2C93D7051986CFD700F888D2 /* Project object */;
			proxyType = 1;
			remoteGlobalIDString = 2C93D70C1986CFD700F888D2;
			remoteInfo = CoreLocationAndMaps;
		};
		2C93D7351986D06B00F888D2 /* PBXContainerItemProxy */ = {
			isa = PBXContainerItemProxy;
			containerPortal = 2C93D7051986CFD700F888D2 /* Project object */;
			proxyType = 1;
			remoteGlobalIDString = 2C93D70C1986CFD700F888D2;
			remoteInfo = CoreLocationAndMaps;
		};
/* End PBXContainerItemProxy section */

/* Begin PBXFileReference section */
		2C93D70D1986CFD700F888D2 /* CoreLocationAndMaps.app */ = {isa = PBXFileReference; explicitFileType = wrapper.application; includeInIndex = 0; path = CoreLocationAndMaps.app; sourceTree = BUILT_PRODUCTS_DIR; };
		2C93D7111986CFD700F888D2 /* Info.plist */ = {isa = PBXFileReference; lastKnownFileType = text.plist.xml; path = Info.plist; sourceTree = "<group>"; };
		2C93D7121986CFD700F888D2 /* main.m */ = {isa = PBXFileReference; lastKnownFileType = sourcecode.c.objc; path = main.m; sourceTree = "<group>"; };
		2C93D7141986CFD700F888D2 /* AppDelegate.h */ = {isa = PBXFileReference; lastKnownFileType = sourcecode.c.h; path = AppDelegate.h; sourceTree = "<group>"; };
		2C93D7151986CFD700F888D2 /* AppDelegate.m */ = {isa = PBXFileReference; lastKnownFileType = sourcecode.c.objc; path = AppDelegate.m; sourceTree = "<group>"; };
		2C93D7171986CFD700F888D2 /* MapViewController.h */ = {isa = PBXFileReference; lastKnownFileType = sourcecode.c.h; path = MapViewController.h; sourceTree = "<group>"; };
		2C93D7181986CFD700F888D2 /* MapViewController.m */ = {isa = PBXFileReference; lastKnownFileType = sourcecode.c.objc; path = MapViewController.m; sourceTree = "<group>"; };
		2C93D71B1986CFD700F888D2 /* Base */ = {isa = PBXFileReference; lastKnownFileType = file.storyboard; name = Base; path = Base.lproj/Main.storyboard; sourceTree = "<group>"; };
		2C93D71D1986CFD700F888D2 /* Images.xcassets */ = {isa = PBXFileReference; lastKnownFileType = folder.assetcatalog; path = Images.xcassets; sourceTree = "<group>"; };
		2C93D7231986CFD700F888D2 /* CoreLocationAndMapsTests.xctest */ = {isa = PBXFileReference; explicitFileType = wrapper.cfbundle; includeInIndex = 0; path = CoreLocationAndMapsTests.xctest; sourceTree = BUILT_PRODUCTS_DIR; };
		2C93D7281986CFD700F888D2 /* Info.plist */ = {isa = PBXFileReference; lastKnownFileType = text.plist.xml; path = Info.plist; sourceTree = "<group>"; };
		2C93D7291986CFD700F888D2 /* CoreLocationAndMapsTests.m */ = {isa = PBXFileReference; lastKnownFileType = sourcecode.c.objc; path = CoreLocationAndMapsTests.m; sourceTree = "<group>"; };
		2C93D7371986D0A500F888D2 /* MapKit.framework */ = {isa = PBXFileReference; lastKnownFileType = wrapper.framework; name = MapKit.framework; path = System/Library/Frameworks/MapKit.framework; sourceTree = SDKROOT; };
		2C93D73C1986DC0900F888D2 /* MyAnnotation.h */ = {isa = PBXFileReference; fileEncoding = 4; lastKnownFileType = sourcecode.c.h; path = MyAnnotation.h; sourceTree = "<group>"; };
		2C93D73D1986DC0900F888D2 /* MyAnnotation.m */ = {isa = PBXFileReference; fileEncoding = 4; lastKnownFileType = sourcecode.c.objc; path = MyAnnotation.m; sourceTree = "<group>"; };
/* End PBXFileReference section */

/* Begin PBXFrameworksBuildPhase section */
		2C93D70A1986CFD700F888D2 /* Frameworks */ = {
			isa = PBXFrameworksBuildPhase;
			buildActionMask = 2147483647;
			files = (
				2C93D7381986D0A500F888D2 /* MapKit.framework in Frameworks */,
			);
			runOnlyForDeploymentPostprocessing = 0;
		};
		2C93D7201986CFD700F888D2 /* Frameworks */ = {
			isa = PBXFrameworksBuildPhase;
			buildActionMask = 2147483647;
			files = (
			);
			runOnlyForDeploymentPostprocessing = 0;
		};
/* End PBXFrameworksBuildPhase section */

/* Begin PBXGroup section */
		2C93D7041986CFD700F888D2 = {
			isa = PBXGroup;
			children = (
				2C93D7371986D0A500F888D2 /* MapKit.framework */,
				2C93D70F1986CFD700F888D2 /* CoreLocationAndMaps */,
				2C93D7261986CFD700F888D2 /* CoreLocationAndMapsTests */,
				2C93D70E1986CFD700F888D2 /* Products */,
			);
			sourceTree = "<group>";
		};
		2C93D70E1986CFD700F888D2 /* Products */ = {
			isa = PBXGroup;
			children = (
				2C93D70D1986CFD700F888D2 /* CoreLocationAndMaps.app */,
				2C93D7231986CFD700F888D2 /* CoreLocationAndMapsTests.xctest */,
			);
			name = Products;
			sourceTree = "<group>";
		};
		2C93D70F1986CFD700F888D2 /* CoreLocationAndMaps */ = {
			isa = PBXGroup;
			children = (
				2C93D73C1986DC0900F888D2 /* MyAnnotation.h */,
				2C93D73D1986DC0900F888D2 /* MyAnnotation.m */,
				2C93D7141986CFD700F888D2 /* AppDelegate.h */,
				2C93D7151986CFD700F888D2 /* AppDelegate.m */,
				2C93D7171986CFD700F888D2 /* MapViewController.h */,
				2C93D7181986CFD700F888D2 /* MapViewController.m */,
				2C93D71A1986CFD700F888D2 /* Main.storyboard */,
				2C93D71D1986CFD700F888D2 /* Images.xcassets */,
				2C93D7101986CFD700F888D2 /* Supporting Files */,
			);
			path = CoreLocationAndMaps;
			sourceTree = "<group>";
		};
		2C93D7101986CFD700F888D2 /* Supporting Files */ = {
			isa = PBXGroup;
			children = (
				2C93D7111986CFD700F888D2 /* Info.plist */,
				2C93D7121986CFD700F888D2 /* main.m */,
			);
			name = "Supporting Files";
			sourceTree = "<group>";
		};
		2C93D7261986CFD700F888D2 /* CoreLocationAndMapsTests */ = {
			isa = PBXGroup;
			children = (
				2C93D7291986CFD700F888D2 /* CoreLocationAndMapsTests.m */,
				2C93D7271986CFD700F888D2 /* Supporting Files */,
			);
			path = CoreLocationAndMapsTests;
			sourceTree = "<group>";
		};
		2C93D7271986CFD700F888D2 /* Supporting Files */ = {
			isa = PBXGroup;
			children = (
				2C93D7281986CFD700F888D2 /* Info.plist */,
			);
			name = "Supporting Files";
			sourceTree = "<group>";
		};
/* End PBXGroup section */

/* Begin PBXNativeTarget section */
		2C93D70C1986CFD700F888D2 /* CoreLocationAndMaps */ = {
			isa = PBXNativeTarget;
			buildConfigurationList = 2C93D72D1986CFD700F888D2 /* Build configuration list for PBXNativeTarget "CoreLocationAndMaps" */;
			buildPhases = (
				2C93D7091986CFD700F888D2 /* Sources */,
				2C93D70A1986CFD700F888D2 /* Frameworks */,
				2C93D70B1986CFD700F888D2 /* Resources */,
			);
			buildRules = (
			);
			dependencies = (
			);
			name = CoreLocationAndMaps;
			productName = CoreLocationAndMaps;
			productReference = 2C93D70D1986CFD700F888D2 /* CoreLocationAndMaps.app */;
			productType = "com.apple.product-type.application";
		};
		2C93D7221986CFD700F888D2 /* CoreLocationAndMapsTests */ = {
			isa = PBXNativeTarget;
			buildConfigurationList = 2C93D7301986CFD700F888D2 /* Build configuration list for PBXNativeTarget "CoreLocationAndMapsTests" */;
			buildPhases = (
				2C93D71F1986CFD700F888D2 /* Sources */,
				2C93D7201986CFD700F888D2 /* Frameworks */,
				2C93D7211986CFD700F888D2 /* Resources */,
			);
			buildRules = (
			);
			dependencies = (
				2C93D7251986CFD700F888D2 /* PBXTargetDependency */,
				2C93D7341986D06B00F888D2 /* PBXTargetDependency */,
				2C93D7361986D06B00F888D2 /* PBXTargetDependency */,
			);
			name = CoreLocationAndMapsTests;
			productName = CoreLocationAndMapsTests;
			productReference = 2C93D7231986CFD700F888D2 /* CoreLocationAndMapsTests.xctest */;
			productType = "com.apple.product-type.bundle.unit-test";
		};
/* End PBXNativeTarget section */

/* Begin PBXProject section */
		2C93D7051986CFD700F888D2 /* Project object */ = {
			isa = PBXProject;
			attributes = {
				LastUpgradeCheck = 0600;
				ORGANIZATIONNAME = metodowhite;
				TargetAttributes = {
					2C93D70C1986CFD700F888D2 = {
						CreatedOnToolsVersion = 6.0;
					};
					2C93D7221986CFD700F888D2 = {
						CreatedOnToolsVersion = 6.0;
						TestTargetID = 2C93D70C1986CFD700F888D2;
					};
				};
			};
			buildConfigurationList = 2C93D7081986CFD700F888D2 /* Build configuration list for PBXProject "CoreLocationAndMaps" */;
			compatibilityVersion = "Xcode 3.2";
			developmentRegion = English;
			hasScannedForEncodings = 0;
			knownRegions = (
				en,
				Base,
			);
			mainGroup = 2C93D7041986CFD700F888D2;
			productRefGroup = 2C93D70E1986CFD700F888D2 /* Products */;
			projectDirPath = "";
			projectRoot = "";
			targets = (
				2C93D70C1986CFD700F888D2 /* CoreLocationAndMaps */,
				2C93D7221986CFD700F888D2 /* CoreLocationAndMapsTests */,
			);
		};
/* End PBXProject section */

/* Begin PBXResourcesBuildPhase section */
		2C93D70B1986CFD700F888D2 /* Resources */ = {
			isa = PBXResourcesBuildPhase;
			buildActionMask = 2147483647;
			files = (
				2C93D71C1986CFD700F888D2 /* Main.storyboard in Resources */,
				2C93D71E1986CFD700F888D2 /* Images.xcassets in Resources */,
			);
			runOnlyForDeploymentPostprocessing = 0;
		};
		2C93D7211986CFD700F888D2 /* Resources */ = {
			isa = PBXResourcesBuildPhase;
			buildActionMask = 2147483647;
			files = (
			);
			runOnlyForDeploymentPostprocessing = 0;
		};
/* End PBXResourcesBuildPhase section */

/* Begin PBXSourcesBuildPhase section */
		2C93D7091986CFD700F888D2 /* Sources */ = {
			isa = PBXSourcesBuildPhase;
			buildActionMask = 2147483647;
			files = (
				2C93D7191986CFD700F888D2 /* MapViewController.m in Sources */,
				2C93D7161986CFD700F888D2 /* AppDelegate.m in Sources */,
				2C93D73E1986DC0900F888D2 /* MyAnnotation.m in Sources */,
				2C93D7131986CFD700F888D2 /* main.m in Sources */,
			);
			runOnlyForDeploymentPostprocessing = 0;
		};
		2C93D71F1986CFD700F888D2 /* Sources */ = {
			isa = PBXSourcesBuildPhase;
			buildActionMask = 2147483647;
			files = (
				2C93D72A1986CFD700F888D2 /* CoreLocationAndMapsTests.m in Sources */,
			);
			runOnlyForDeploymentPostprocessing = 0;
		};
/* End PBXSourcesBuildPhase section */

/* Begin PBXTargetDependency section */
		2C93D7251986CFD700F888D2 /* PBXTargetDependency */ = {
			isa = PBXTargetDependency;
			target = 2C93D70C1986CFD700F888D2 /* CoreLocationAndMaps */;
			targetProxy = 2C93D7241986CFD700F888D2 /* PBXContainerItemProxy */;
		};
		2C93D7341986D06B00F888D2 /* PBXTargetDependency */ = {
			isa = PBXTargetDependency;
			target = 2C93D70C1986CFD700F888D2 /* CoreLocationAndMaps */;
			targetProxy = 2C93D7331986D06B00F888D2 /* PBXContainerItemProxy */;
		};
		2C93D7361986D06B00F888D2 /* PBXTargetDependency */ = {
			isa = PBXTargetDependency;
			target = 2C93D70C1986CFD700F888D2 /* CoreLocationAndMaps */;
			targetProxy = 2C93D7351986D06B00F888D2 /* PBXContainerItemProxy */;
		};
/* End PBXTargetDependency section */

/* Begin PBXVariantGroup section */
		2C93D71A1986CFD700F888D2 /* Main.storyboard */ = {
			isa = PBXVariantGroup;
			children = (
				2C93D71B1986CFD700F888D2 /* Base */,
			);
			name = Main.storyboard;
			sourceTree = "<group>";
		};
/* End PBXVariantGroup section */

/* Begin XCBuildConfiguration section */
		2C93D72B1986CFD700F888D2 /* Debug */ = {
			isa = XCBuildConfiguration;
			buildSettings = {
				ALWAYS_SEARCH_USER_PATHS = NO;
				CLANG_CXX_LANGUAGE_STANDARD = "gnu++0x";
				CLANG_CXX_LIBRARY = "libc++";
				CLANG_ENABLE_MODULES = YES;
				CLANG_ENABLE_OBJC_ARC = YES;
				CLANG_WARN_BOOL_CONVERSION = YES;
				CLANG_WARN_CONSTANT_CONVERSION = YES;
				CLANG_WARN_DIRECT_OBJC_ISA_USAGE = YES_ERROR;
				CLANG_WARN_EMPTY_BODY = YES;
				CLANG_WARN_ENUM_CONVERSION = YES;
				CLANG_WARN_INT_CONVERSION = YES;
				CLANG_WARN_OBJC_ROOT_CLASS = YES_ERROR;
				CLANG_WARN_UNREACHABLE_CODE = YES;
				CLANG_WARN__DUPLICATE_METHOD_MATCH = YES;
				"CODE_SIGN_IDENTITY[sdk=iphoneos*]" = "iPhone Developer";
				COPY_PHASE_STRIP = NO;
				ENABLE_STRICT_OBJC_MSGSEND = YES;
				GCC_C_LANGUAGE_STANDARD = gnu99;
				GCC_DYNAMIC_NO_PIC = NO;
				GCC_OPTIMIZATION_LEVEL = 0;
				GCC_PREPROCESSOR_DEFINITIONS = (
					"DEBUG=1",
					"$(inherited)",
				);
				GCC_SYMBOLS_PRIVATE_EXTERN = NO;
				GCC_WARN_64_TO_32_BIT_CONVERSION = YES;
				GCC_WARN_ABOUT_RETURN_TYPE = YES_ERROR;
				GCC_WARN_UNDECLARED_SELECTOR = YES;
				GCC_WARN_UNINITIALIZED_AUTOS = YES_AGGRESSIVE;
				GCC_WARN_UNUSED_FUNCTION = YES;
				GCC_WARN_UNUSED_VARIABLE = YES;
				IPHONEOS_DEPLOYMENT_TARGET = 8.0;
				MTL_ENABLE_DEBUG_INFO = YES;
				ONLY_ACTIVE_ARCH = YES;
				SDKROOT = iphoneos;
			};
			name = Debug;
		};
		2C93D72C1986CFD700F888D2 /* Release */ = {
			isa = XCBuildConfiguration;
			buildSettings = {
				ALWAYS_SEARCH_USER_PATHS = NO;
				CLANG_CXX_LANGUAGE_STANDARD = "gnu++0x";
				CLANG_CXX_LIBRARY = "libc++";
				CLANG_ENABLE_MODULES = YES;
				CLANG_ENABLE_OBJC_ARC = YES;
				CLANG_WARN_BOOL_CONVERSION = YES;
				CLANG_WARN_CONSTANT_CONVERSION = YES;
				CLANG_WARN_DIRECT_OBJC_ISA_USAGE = YES_ERROR;
				CLANG_WARN_EMPTY_BODY = YES;
				CLANG_WARN_ENUM_CONVERSION = YES;
				CLANG_WARN_INT_CONVERSION = YES;
				CLANG_WARN_OBJC_ROOT_CLASS = YES_ERROR;
				CLANG_WARN_UNREACHABLE_CODE = YES;
				CLANG_WARN__DUPLICATE_METHOD_MATCH = YES;
				"CODE_SIGN_IDENTITY[sdk=iphoneos*]" = "iPhone Developer";
				COPY_PHASE_STRIP = YES;
				ENABLE_NS_ASSERTIONS = NO;
				ENABLE_STRICT_OBJC_MSGSEND = YES;
				GCC_C_LANGUAGE_STANDARD = gnu99;
				GCC_WARN_64_TO_32_BIT_CONVERSION = YES;
				GCC_WARN_ABOUT_RETURN_TYPE = YES_ERROR;
				GCC_WARN_UNDECLARED_SELECTOR = YES;
				GCC_WARN_UNINITIALIZED_AUTOS = YES_AGGRESSIVE;
				GCC_WARN_UNUSED_FUNCTION = YES;
				GCC_WARN_UNUSED_VARIABLE = YES;
				IPHONEOS_DEPLOYMENT_TARGET = 8.0;
				MTL_ENABLE_DEBUG_INFO = NO;
				SDKROOT = iphoneos;
				VALIDATE_PRODUCT = YES;
			};
			name = Release;
		};
		2C93D72E1986CFD700F888D2 /* Debug */ = {
			isa = XCBuildConfiguration;
			buildSettings = {
				ASSETCATALOG_COMPILER_APPICON_NAME = AppIcon;
				ASSETCATALOG_COMPILER_LAUNCHIMAGE_NAME = LaunchImage;
				INFOPLIST_FILE = CoreLocationAndMaps/Info.plist;
				LD_RUNPATH_SEARCH_PATHS = "$(inherited) @executable_path/Frameworks";
				PRODUCT_NAME = "$(TARGET_NAME)";
			};
			name = Debug;
		};
		2C93D72F1986CFD700F888D2 /* Release */ = {
			isa = XCBuildConfiguration;
			buildSettings = {
				ASSETCATALOG_COMPILER_APPICON_NAME = AppIcon;
				ASSETCATALOG_COMPILER_LAUNCHIMAGE_NAME = LaunchImage;
				INFOPLIST_FILE = CoreLocationAndMaps/Info.plist;
				LD_RUNPATH_SEARCH_PATHS = "$(inherited) @executable_path/Frameworks";
				PRODUCT_NAME = "$(TARGET_NAME)";
			};
			name = Release;
		};
		2C93D7311986CFD700F888D2 /* Debug */ = {
			isa = XCBuildConfiguration;
			buildSettings = {
				BUNDLE_LOADER = "$(BUILT_PRODUCTS_DIR)/CoreLocationAndMaps.app/CoreLocationAndMaps";
				FRAMEWORK_SEARCH_PATHS = (
					"$(SDKROOT)/Developer/Library/Frameworks",
					"$(inherited)",
				);
				GCC_PREPROCESSOR_DEFINITIONS = (
					"DEBUG=1",
					"$(inherited)",
				);
				INFOPLIST_FILE = CoreLocationAndMapsTests/Info.plist;
				LD_RUNPATH_SEARCH_PATHS = "$(inherited) @executable_path/Frameworks @loader_path/Frameworks";
				PRODUCT_NAME = "$(TARGET_NAME)";
				TEST_HOST = "$(BUNDLE_LOADER)";
			};
			name = Debug;
		};
		2C93D7321986CFD700F888D2 /* Release */ = {
			isa = XCBuildConfiguration;
			buildSettings = {
				BUNDLE_LOADER = "$(BUILT_PRODUCTS_DIR)/CoreLocationAndMaps.app/CoreLocationAndMaps";
				FRAMEWORK_SEARCH_PATHS = (
					"$(SDKROOT)/Developer/Library/Frameworks",
					"$(inherited)",
				);
				INFOPLIST_FILE = CoreLocationAndMapsTests/Info.plist;
				LD_RUNPATH_SEARCH_PATHS = "$(inherited) @executable_path/Frameworks @loader_path/Frameworks";
				PRODUCT_NAME = "$(TARGET_NAME)";
				TEST_HOST = "$(BUNDLE_LOADER)";
			};
			name = Release;
		};
/* End XCBuildConfiguration section */

/* Begin XCConfigurationList section */
		2C93D7081986CFD700F888D2 /* Build configuration list for PBXProject "CoreLocationAndMaps" */ = {
			isa = XCConfigurationList;
			buildConfigurations = (
				2C93D72B1986CFD700F888D2 /* Debug */,
				2C93D72C1986CFD700F888D2 /* Release */,
			);
			defaultConfigurationIsVisible = 0;
			defaultConfigurationName = Release;
		};
		2C93D72D1986CFD700F888D2 /* Build configuration list for PBXNativeTarget "CoreLocationAndMaps" */ = {
			isa = XCConfigurationList;
			buildConfigurations = (
				2C93D72E1986CFD700F888D2 /* Debug */,
				2C93D72F1986CFD700F888D2 /* Release */,
			);
			defaultConfigurationIsVisible = 0;
		};
		2C93D7301986CFD700F888D2 /* Build configuration list for PBXNativeTarget "CoreLocationAndMapsTests" */ = {
			isa = XCConfigurationList;
			buildConfigurations = (
				2C93D7311986CFD700F888D2 /* Debug */,
				2C93D7321986CFD700F888D2 /* Release */,
			);
			defaultConfigurationIsVisible = 0;
		};
/* End XCConfigurationList section */
	};
	rootObject = 2C93D7051986CFD700F888D2 /* Project object */;
}
