// !$*UTF8*$!
{
	archiveVersion = 1;
	classes = {
	};
	objectVersion = 46;
	objects = {

/* Begin PBXBuildFile section */
		2C76334719B4FD3E0003DCB1 /* main.m in Sources */ = {isa = PBXBuildFile; fileRef = 2C76334619B4FD3E0003DCB1 /* main.m */; };
		2C76334A19B4FD3E0003DCB1 /* AppDelegate.m in Sources */ = {isa = PBXBuildFile; fileRef = 2C76334919B4FD3E0003DCB1 /* AppDelegate.m */; };
		2C76334D19B4FD3E0003DCB1 /* ViewController.m in Sources */ = {isa = PBXBuildFile; fileRef = 2C76334C19B4FD3E0003DCB1 /* ViewController.m */; };
		2C76335019B4FD3E0003DCB1 /* Main.storyboard in Resources */ = {isa = PBXBuildFile; fileRef = 2C76334E19B4FD3E0003DCB1 /* Main.storyboard */; };
		2C76335219B4FD3E0003DCB1 /* Images.xcassets in Resources */ = {isa = PBXBuildFile; fileRef = 2C76335119B4FD3E0003DCB1 /* Images.xcassets */; };
		2C76335E19B4FD3E0003DCB1 /* MiPrimerCollectionViewTests.m in Sources */ = {isa = PBXBuildFile; fileRef = 2C76335D19B4FD3E0003DCB1 /* MiPrimerCollectionViewTests.m */; };
		2C76336819B4FEF70003DCB1 /* dlanham-Overlord_iPhone.jpg in Resources */ = {isa = PBXBuildFile; fileRef = 2C76336719B4FEF70003DCB1 /* dlanham-Overlord_iPhone.jpg */; };
		2C76336B19B4FFC90003DCB1 /* LeCollectionViewController.m in Sources */ = {isa = PBXBuildFile; fileRef = 2C76336A19B4FFC90003DCB1 /* LeCollectionViewController.m */; };
		2CDD18BA19B50383000740B8 /* LeCollectionViewCell.m in Sources */ = {isa = PBXBuildFile; fileRef = 2CDD18B919B50383000740B8 /* LeCollectionViewCell.m */; };
/* End PBXBuildFile section */

/* Begin PBXContainerItemProxy section */
		2C76335819B4FD3E0003DCB1 /* PBXContainerItemProxy */ = {
			isa = PBXContainerItemProxy;
			containerPortal = 2C76333919B4FD3E0003DCB1 /* Project object */;
			proxyType = 1;
			remoteGlobalIDString = 2C76334019B4FD3E0003DCB1;
			remoteInfo = MiPrimerCollectionView;
		};
/* End PBXContainerItemProxy section */

/* Begin PBXFileReference section */
		2C76334119B4FD3E0003DCB1 /* MiPrimerCollectionView.app */ = {isa = PBXFileReference; explicitFileType = wrapper.application; includeInIndex = 0; path = MiPrimerCollectionView.app; sourceTree = BUILT_PRODUCTS_DIR; };
		2C76334519B4FD3E0003DCB1 /* Info.plist */ = {isa = PBXFileReference; lastKnownFileType = text.plist.xml; path = Info.plist; sourceTree = "<group>"; };
		2C76334619B4FD3E0003DCB1 /* main.m */ = {isa = PBXFileReference; lastKnownFileType = sourcecode.c.objc; path = main.m; sourceTree = "<group>"; };
		2C76334819B4FD3E0003DCB1 /* AppDelegate.h */ = {isa = PBXFileReference; lastKnownFileType = sourcecode.c.h; path = AppDelegate.h; sourceTree = "<group>"; };
		2C76334919B4FD3E0003DCB1 /* AppDelegate.m */ = {isa = PBXFileReference; lastKnownFileType = sourcecode.c.objc; path = AppDelegate.m; sourceTree = "<group>"; };
		2C76334B19B4FD3E0003DCB1 /* ViewController.h */ = {isa = PBXFileReference; lastKnownFileType = sourcecode.c.h; path = ViewController.h; sourceTree = "<group>"; };
		2C76334C19B4FD3E0003DCB1 /* ViewController.m */ = {isa = PBXFileReference; lastKnownFileType = sourcecode.c.objc; path = ViewController.m; sourceTree = "<group>"; };
		2C76334F19B4FD3E0003DCB1 /* Base */ = {isa = PBXFileReference; lastKnownFileType = file.storyboard; name = Base; path = Base.lproj/Main.storyboard; sourceTree = "<group>"; };
		2C76335119B4FD3E0003DCB1 /* Images.xcassets */ = {isa = PBXFileReference; lastKnownFileType = folder.assetcatalog; path = Images.xcassets; sourceTree = "<group>"; };
		2C76335719B4FD3E0003DCB1 /* MiPrimerCollectionViewTests.xctest */ = {isa = PBXFileReference; explicitFileType = wrapper.cfbundle; includeInIndex = 0; path = MiPrimerCollectionViewTests.xctest; sourceTree = BUILT_PRODUCTS_DIR; };
		2C76335C19B4FD3E0003DCB1 /* Info.plist */ = {isa = PBXFileReference; lastKnownFileType = text.plist.xml; path = Info.plist; sourceTree = "<group>"; };
		2C76335D19B4FD3E0003DCB1 /* MiPrimerCollectionViewTests.m */ = {isa = PBXFileReference; lastKnownFileType = sourcecode.c.objc; path = MiPrimerCollectionViewTests.m; sourceTree = "<group>"; };
		2C76336719B4FEF70003DCB1 /* dlanham-Overlord_iPhone.jpg */ = {isa = PBXFileReference; lastKnownFileType = image.jpeg; path = "dlanham-Overlord_iPhone.jpg"; sourceTree = "<group>"; };
		2C76336919B4FFC90003DCB1 /* LeCollectionViewController.h */ = {isa = PBXFileReference; fileEncoding = 4; lastKnownFileType = sourcecode.c.h; path = LeCollectionViewController.h; sourceTree = "<group>"; };
		2C76336A19B4FFC90003DCB1 /* LeCollectionViewController.m */ = {isa = PBXFileReference; fileEncoding = 4; lastKnownFileType = sourcecode.c.objc; path = LeCollectionViewController.m; sourceTree = "<group>"; };
		2CDD18B819B50383000740B8 /* LeCollectionViewCell.h */ = {isa = PBXFileReference; fileEncoding = 4; lastKnownFileType = sourcecode.c.h; path = LeCollectionViewCell.h; sourceTree = "<group>"; };
		2CDD18B919B50383000740B8 /* LeCollectionViewCell.m */ = {isa = PBXFileReference; fileEncoding = 4; lastKnownFileType = sourcecode.c.objc; path = LeCollectionViewCell.m; sourceTree = "<group>"; };
/* End PBXFileReference section */

/* Begin PBXFrameworksBuildPhase section */
		2C76333E19B4FD3E0003DCB1 /* Frameworks */ = {
			isa = PBXFrameworksBuildPhase;
			buildActionMask = 2147483647;
			files = (
			);
			runOnlyForDeploymentPostprocessing = 0;
		};
		2C76335419B4FD3E0003DCB1 /* Frameworks */ = {
			isa = PBXFrameworksBuildPhase;
			buildActionMask = 2147483647;
			files = (
			);
			runOnlyForDeploymentPostprocessing = 0;
		};
/* End PBXFrameworksBuildPhase section */

/* Begin PBXGroup section */
		2C76333819B4FD3E0003DCB1 = {
			isa = PBXGroup;
			children = (
				2C76334319B4FD3E0003DCB1 /* MiPrimerCollectionView */,
				2C76335A19B4FD3E0003DCB1 /* MiPrimerCollectionViewTests */,
				2C76334219B4FD3E0003DCB1 /* Products */,
			);
			sourceTree = "<group>";
		};
		2C76334219B4FD3E0003DCB1 /* Products */ = {
			isa = PBXGroup;
			children = (
				2C76334119B4FD3E0003DCB1 /* MiPrimerCollectionView.app */,
				2C76335719B4FD3E0003DCB1 /* MiPrimerCollectionViewTests.xctest */,
			);
			name = Products;
			sourceTree = "<group>";
		};
		2C76334319B4FD3E0003DCB1 /* MiPrimerCollectionView */ = {
			isa = PBXGroup;
			children = (
				2CDD18B819B50383000740B8 /* LeCollectionViewCell.h */,
				2CDD18B919B50383000740B8 /* LeCollectionViewCell.m */,
				2C76334819B4FD3E0003DCB1 /* AppDelegate.h */,
				2C76334919B4FD3E0003DCB1 /* AppDelegate.m */,
				2C76334B19B4FD3E0003DCB1 /* ViewController.h */,
				2C76334C19B4FD3E0003DCB1 /* ViewController.m */,
				2C76336719B4FEF70003DCB1 /* dlanham-Overlord_iPhone.jpg */,
				2C76334E19B4FD3E0003DCB1 /* Main.storyboard */,
				2C76336919B4FFC90003DCB1 /* LeCollectionViewController.h */,
				2C76336A19B4FFC90003DCB1 /* LeCollectionViewController.m */,
				2C76335119B4FD3E0003DCB1 /* Images.xcassets */,
				2C76334419B4FD3E0003DCB1 /* Supporting Files */,
			);
			path = MiPrimerCollectionView;
			sourceTree = "<group>";
		};
		2C76334419B4FD3E0003DCB1 /* Supporting Files */ = {
			isa = PBXGroup;
			children = (
				2C76334519B4FD3E0003DCB1 /* Info.plist */,
				2C76334619B4FD3E0003DCB1 /* main.m */,
			);
			name = "Supporting Files";
			sourceTree = "<group>";
		};
		2C76335A19B4FD3E0003DCB1 /* MiPrimerCollectionViewTests */ = {
			isa = PBXGroup;
			children = (
				2C76335D19B4FD3E0003DCB1 /* MiPrimerCollectionViewTests.m */,
				2C76335B19B4FD3E0003DCB1 /* Supporting Files */,
			);
			path = MiPrimerCollectionViewTests;
			sourceTree = "<group>";
		};
		2C76335B19B4FD3E0003DCB1 /* Supporting Files */ = {
			isa = PBXGroup;
			children = (
				2C76335C19B4FD3E0003DCB1 /* Info.plist */,
			);
			name = "Supporting Files";
			sourceTree = "<group>";
		};
/* End PBXGroup section */

/* Begin PBXNativeTarget section */
		2C76334019B4FD3E0003DCB1 /* MiPrimerCollectionView */ = {
			isa = PBXNativeTarget;
			buildConfigurationList = 2C76336119B4FD3E0003DCB1 /* Build configuration list for PBXNativeTarget "MiPrimerCollectionView" */;
			buildPhases = (
				2C76333D19B4FD3E0003DCB1 /* Sources */,
				2C76333E19B4FD3E0003DCB1 /* Frameworks */,
				2C76333F19B4FD3E0003DCB1 /* Resources */,
			);
			buildRules = (
			);
			dependencies = (
			);
			name = MiPrimerCollectionView;
			productName = MiPrimerCollectionView;
			productReference = 2C76334119B4FD3E0003DCB1 /* MiPrimerCollectionView.app */;
			productType = "com.apple.product-type.application";
		};
		2C76335619B4FD3E0003DCB1 /* MiPrimerCollectionViewTests */ = {
			isa = PBXNativeTarget;
			buildConfigurationList = 2C76336419B4FD3E0003DCB1 /* Build configuration list for PBXNativeTarget "MiPrimerCollectionViewTests" */;
			buildPhases = (
				2C76335319B4FD3E0003DCB1 /* Sources */,
				2C76335419B4FD3E0003DCB1 /* Frameworks */,
				2C76335519B4FD3E0003DCB1 /* Resources */,
			);
			buildRules = (
			);
			dependencies = (
				2C76335919B4FD3E0003DCB1 /* PBXTargetDependency */,
			);
			name = MiPrimerCollectionViewTests;
			productName = MiPrimerCollectionViewTests;
			productReference = 2C76335719B4FD3E0003DCB1 /* MiPrimerCollectionViewTests.xctest */;
			productType = "com.apple.product-type.bundle.unit-test";
		};
/* End PBXNativeTarget section */

/* Begin PBXProject section */
		2C76333919B4FD3E0003DCB1 /* Project object */ = {
			isa = PBXProject;
			attributes = {
				LastUpgradeCheck = 0600;
				ORGANIZATIONNAME = metodowhite;
				TargetAttributes = {
					2C76334019B4FD3E0003DCB1 = {
						CreatedOnToolsVersion = 6.0;
					};
					2C76335619B4FD3E0003DCB1 = {
						CreatedOnToolsVersion = 6.0;
						TestTargetID = 2C76334019B4FD3E0003DCB1;
					};
				};
			};
			buildConfigurationList = 2C76333C19B4FD3E0003DCB1 /* Build configuration list for PBXProject "MiPrimerCollectionView" */;
			compatibilityVersion = "Xcode 3.2";
			developmentRegion = English;
			hasScannedForEncodings = 0;
			knownRegions = (
				en,
				Base,
			);
			mainGroup = 2C76333819B4FD3E0003DCB1;
			productRefGroup = 2C76334219B4FD3E0003DCB1 /* Products */;
			projectDirPath = "";
			projectRoot = "";
			targets = (
				2C76334019B4FD3E0003DCB1 /* MiPrimerCollectionView */,
				2C76335619B4FD3E0003DCB1 /* MiPrimerCollectionViewTests */,
			);
		};
/* End PBXProject section */

/* Begin PBXResourcesBuildPhase section */
		2C76333F19B4FD3E0003DCB1 /* Resources */ = {
			isa = PBXResourcesBuildPhase;
			buildActionMask = 2147483647;
			files = (
				2C76335019B4FD3E0003DCB1 /* Main.storyboard in Resources */,
				2C76335219B4FD3E0003DCB1 /* Images.xcassets in Resources */,
				2C76336819B4FEF70003DCB1 /* dlanham-Overlord_iPhone.jpg in Resources */,
			);
			runOnlyForDeploymentPostprocessing = 0;
		};
		2C76335519B4FD3E0003DCB1 /* Resources */ = {
			isa = PBXResourcesBuildPhase;
			buildActionMask = 2147483647;
			files = (
			);
			runOnlyForDeploymentPostprocessing = 0;
		};
/* End PBXResourcesBuildPhase section */

/* Begin PBXSourcesBuildPhase section */
		2C76333D19B4FD3E0003DCB1 /* Sources */ = {
			isa = PBXSourcesBuildPhase;
			buildActionMask = 2147483647;
			files = (
				2C76334D19B4FD3E0003DCB1 /* ViewController.m in Sources */,
				2C76334A19B4FD3E0003DCB1 /* AppDelegate.m in Sources */,
				2CDD18BA19B50383000740B8 /* LeCollectionViewCell.m in Sources */,
				2C76334719B4FD3E0003DCB1 /* main.m in Sources */,
				2C76336B19B4FFC90003DCB1 /* LeCollectionViewController.m in Sources */,
			);
			runOnlyForDeploymentPostprocessing = 0;
		};
		2C76335319B4FD3E0003DCB1 /* Sources */ = {
			isa = PBXSourcesBuildPhase;
			buildActionMask = 2147483647;
			files = (
				2C76335E19B4FD3E0003DCB1 /* MiPrimerCollectionViewTests.m in Sources */,
			);
			runOnlyForDeploymentPostprocessing = 0;
		};
/* End PBXSourcesBuildPhase section */

/* Begin PBXTargetDependency section */
		2C76335919B4FD3E0003DCB1 /* PBXTargetDependency */ = {
			isa = PBXTargetDependency;
			target = 2C76334019B4FD3E0003DCB1 /* MiPrimerCollectionView */;
			targetProxy = 2C76335819B4FD3E0003DCB1 /* PBXContainerItemProxy */;
		};
/* End PBXTargetDependency section */

/* Begin PBXVariantGroup section */
		2C76334E19B4FD3E0003DCB1 /* Main.storyboard */ = {
			isa = PBXVariantGroup;
			children = (
				2C76334F19B4FD3E0003DCB1 /* Base */,
			);
			name = Main.storyboard;
			sourceTree = "<group>";
		};
/* End PBXVariantGroup section */

/* Begin XCBuildConfiguration section */
		2C76335F19B4FD3E0003DCB1 /* Debug */ = {
			isa = XCBuildConfiguration;
			buildSettings = {
				ALWAYS_SEARCH_USER_PATHS = NO;
				CLANG_CXX_LANGUAGE_STANDARD = "gnu++0x";
				CLANG_CXX_LIBRARY = "libc++";
				CLANG_ENABLE_MODULES = YES;
				CLANG_ENABLE_OBJC_ARC = YES;
				CLANG_WARN_BOOL_CONVERSION = YES;
				CLANG_WARN_CONSTANT_CONVERSION = YES;
				CLANG_WARN_DIRECT_OBJC_ISA_USAGE = YES_ERROR;
				CLANG_WARN_EMPTY_BODY = YES;
				CLANG_WARN_ENUM_CONVERSION = YES;
				CLANG_WARN_INT_CONVERSION = YES;
				CLANG_WARN_OBJC_ROOT_CLASS = YES_ERROR;
				CLANG_WARN_UNREACHABLE_CODE = YES;
				CLANG_WARN__DUPLICATE_METHOD_MATCH = YES;
				"CODE_SIGN_IDENTITY[sdk=iphoneos*]" = "iPhone Developer";
				COPY_PHASE_STRIP = NO;
				ENABLE_STRICT_OBJC_MSGSEND = YES;
				GCC_C_LANGUAGE_STANDARD = gnu99;
				GCC_DYNAMIC_NO_PIC = NO;
				GCC_OPTIMIZATION_LEVEL = 0;
				GCC_PREPROCESSOR_DEFINITIONS = (
					"DEBUG=1",
					"$(inherited)",
				);
				GCC_SYMBOLS_PRIVATE_EXTERN = NO;
				GCC_WARN_64_TO_32_BIT_CONVERSION = YES;
				GCC_WARN_ABOUT_RETURN_TYPE = YES_ERROR;
				GCC_WARN_UNDECLARED_SELECTOR = YES;
				GCC_WARN_UNINITIALIZED_AUTOS = YES_AGGRESSIVE;
				GCC_WARN_UNUSED_FUNCTION = YES;
				GCC_WARN_UNUSED_VARIABLE = YES;
				IPHONEOS_DEPLOYMENT_TARGET = 8.0;
				MTL_ENABLE_DEBUG_INFO = YES;
				ONLY_ACTIVE_ARCH = YES;
				SDKROOT = iphoneos;
			};
			name = Debug;
		};
		2C76336019B4FD3E0003DCB1 /* Release */ = {
			isa = XCBuildConfiguration;
			buildSettings = {
				ALWAYS_SEARCH_USER_PATHS = NO;
				CLANG_CXX_LANGUAGE_STANDARD = "gnu++0x";
				CLANG_CXX_LIBRARY = "libc++";
				CLANG_ENABLE_MODULES = YES;
				CLANG_ENABLE_OBJC_ARC = YES;
				CLANG_WARN_BOOL_CONVERSION = YES;
				CLANG_WARN_CONSTANT_CONVERSION = YES;
				CLANG_WARN_DIRECT_OBJC_ISA_USAGE = YES_ERROR;
				CLANG_WARN_EMPTY_BODY = YES;
				CLANG_WARN_ENUM_CONVERSION = YES;
				CLANG_WARN_INT_CONVERSION = YES;
				CLANG_WARN_OBJC_ROOT_CLASS = YES_ERROR;
				CLANG_WARN_UNREACHABLE_CODE = YES;
				CLANG_WARN__DUPLICATE_METHOD_MATCH = YES;
				"CODE_SIGN_IDENTITY[sdk=iphoneos*]" = "iPhone Developer";
				COPY_PHASE_STRIP = YES;
				ENABLE_NS_ASSERTIONS = NO;
				ENABLE_STRICT_OBJC_MSGSEND = YES;
				GCC_C_LANGUAGE_STANDARD = gnu99;
				GCC_WARN_64_TO_32_BIT_CONVERSION = YES;
				GCC_WARN_ABOUT_RETURN_TYPE = YES_ERROR;
				GCC_WARN_UNDECLARED_SELECTOR = YES;
				GCC_WARN_UNINITIALIZED_AUTOS = YES_AGGRESSIVE;
				GCC_WARN_UNUSED_FUNCTION = YES;
				GCC_WARN_UNUSED_VARIABLE = YES;
				IPHONEOS_DEPLOYMENT_TARGET = 8.0;
				MTL_ENABLE_DEBUG_INFO = NO;
				SDKROOT = iphoneos;
				VALIDATE_PRODUCT = YES;
			};
			name = Release;
		};
		2C76336219B4FD3E0003DCB1 /* Debug */ = {
			isa = XCBuildConfiguration;
			buildSettings = {
				ASSETCATALOG_COMPILER_APPICON_NAME = AppIcon;
				ASSETCATALOG_COMPILER_LAUNCHIMAGE_NAME = LaunchImage;
				INFOPLIST_FILE = MiPrimerCollectionView/Info.plist;
				LD_RUNPATH_SEARCH_PATHS = "$(inherited) @executable_path/Frameworks";
				PRODUCT_NAME = "$(TARGET_NAME)";
			};
			name = Debug;
		};
		2C76336319B4FD3E0003DCB1 /* Release */ = {
			isa = XCBuildConfiguration;
			buildSettings = {
				ASSETCATALOG_COMPILER_APPICON_NAME = AppIcon;
				ASSETCATALOG_COMPILER_LAUNCHIMAGE_NAME = LaunchImage;
				INFOPLIST_FILE = MiPrimerCollectionView/Info.plist;
				LD_RUNPATH_SEARCH_PATHS = "$(inherited) @executable_path/Frameworks";
				PRODUCT_NAME = "$(TARGET_NAME)";
			};
			name = Release;
		};
		2C76336519B4FD3E0003DCB1 /* Debug */ = {
			isa = XCBuildConfiguration;
			buildSettings = {
				BUNDLE_LOADER = "$(TEST_HOST)";
				FRAMEWORK_SEARCH_PATHS = (
					"$(SDKROOT)/Developer/Library/Frameworks",
					"$(inherited)",
				);
				GCC_PREPROCESSOR_DEFINITIONS = (
					"DEBUG=1",
					"$(inherited)",
				);
				INFOPLIST_FILE = MiPrimerCollectionViewTests/Info.plist;
				LD_RUNPATH_SEARCH_PATHS = "$(inherited) @executable_path/Frameworks @loader_path/Frameworks";
				PRODUCT_NAME = "$(TARGET_NAME)";
				TEST_HOST = "$(BUILT_PRODUCTS_DIR)/MiPrimerCollectionView.app/MiPrimerCollectionView";
			};
			name = Debug;
		};
		2C76336619B4FD3E0003DCB1 /* Release */ = {
			isa = XCBuildConfiguration;
			buildSettings = {
				BUNDLE_LOADER = "$(TEST_HOST)";
				FRAMEWORK_SEARCH_PATHS = (
					"$(SDKROOT)/Developer/Library/Frameworks",
					"$(inherited)",
				);
				INFOPLIST_FILE = MiPrimerCollectionViewTests/Info.plist;
				LD_RUNPATH_SEARCH_PATHS = "$(inherited) @executable_path/Frameworks @loader_path/Frameworks";
				PRODUCT_NAME = "$(TARGET_NAME)";
				TEST_HOST = "$(BUILT_PRODUCTS_DIR)/MiPrimerCollectionView.app/MiPrimerCollectionView";
			};
			name = Release;
		};
/* End XCBuildConfiguration section */

/* Begin XCConfigurationList section */
		2C76333C19B4FD3E0003DCB1 /* Build configuration list for PBXProject "MiPrimerCollectionView" */ = {
			isa = XCConfigurationList;
			buildConfigurations = (
				2C76335F19B4FD3E0003DCB1 /* Debug */,
				2C76336019B4FD3E0003DCB1 /* Release */,
			);
			defaultConfigurationIsVisible = 0;
			defaultConfigurationName = Release;
		};
		2C76336119B4FD3E0003DCB1 /* Build configuration list for PBXNativeTarget "MiPrimerCollectionView" */ = {
			isa = XCConfigurationList;
			buildConfigurations = (
				2C76336219B4FD3E0003DCB1 /* Debug */,
				2C76336319B4FD3E0003DCB1 /* Release */,
			);
			defaultConfigurationIsVisible = 0;
			defaultConfigurationName = Release;
		};
		2C76336419B4FD3E0003DCB1 /* Build configuration list for PBXNativeTarget "MiPrimerCollectionViewTests" */ = {
			isa = XCConfigurationList;
			buildConfigurations = (
				2C76336519B4FD3E0003DCB1 /* Debug */,
				2C76336619B4FD3E0003DCB1 /* Release */,
			);
			defaultConfigurationIsVisible = 0;
			defaultConfigurationName = Release;
		};
/* End XCConfigurationList section */
	};
	rootObject = 2C76333919B4FD3E0003DCB1 /* Project object */;
}
