// !$*UTF8*$!
{
	archiveVersion = 1;
	classes = {
	};
	objectVersion = 46;
	objects = {

/* Begin PBXBuildFile section */
		2C1CB3DB19744FDE00327FDA /* main.m in Sources */ = {isa = PBXBuildFile; fileRef = 2C1CB3DA19744FDE00327FDA /* main.m */; };
		2C1CB3DE19744FDE00327FDA /* AppDelegate.m in Sources */ = {isa = PBXBuildFile; fileRef = 2C1CB3DD19744FDE00327FDA /* AppDelegate.m */; };
		2C1CB3E119744FDE00327FDA /* FirstViewController.m in Sources */ = {isa = PBXBuildFile; fileRef = 2C1CB3E019744FDE00327FDA /* FirstViewController.m */; };
		2C1CB3E419744FDE00327FDA /* SecondViewController.m in Sources */ = {isa = PBXBuildFile; fileRef = 2C1CB3E319744FDE00327FDA /* SecondViewController.m */; };
		2C1CB3E719744FDE00327FDA /* Main.storyboard in Resources */ = {isa = PBXBuildFile; fileRef = 2C1CB3E519744FDE00327FDA /* Main.storyboard */; };
		2C1CB3E919744FDE00327FDA /* Images.xcassets in Resources */ = {isa = PBXBuildFile; fileRef = 2C1CB3E819744FDE00327FDA /* Images.xcassets */; };
		2C1CB3F519744FDE00327FDA /* WonderlandTests.m in Sources */ = {isa = PBXBuildFile; fileRef = 2C1CB3F419744FDE00327FDA /* WonderlandTests.m */; };
/* End PBXBuildFile section */

/* Begin PBXContainerItemProxy section */
		2C1CB3EF19744FDE00327FDA /* PBXContainerItemProxy */ = {
			isa = PBXContainerItemProxy;
			containerPortal = 2C1CB3CD19744FDD00327FDA /* Project object */;
			proxyType = 1;
			remoteGlobalIDString = 2C1CB3D419744FDD00327FDA;
			remoteInfo = Wonderland;
		};
/* End PBXContainerItemProxy section */

/* Begin PBXFileReference section */
		2C1CB3D519744FDD00327FDA /* Wonderland.app */ = {isa = PBXFileReference; explicitFileType = wrapper.application; includeInIndex = 0; path = Wonderland.app; sourceTree = BUILT_PRODUCTS_DIR; };
		2C1CB3D919744FDE00327FDA /* Info.plist */ = {isa = PBXFileReference; lastKnownFileType = text.plist.xml; path = Info.plist; sourceTree = "<group>"; };
		2C1CB3DA19744FDE00327FDA /* main.m */ = {isa = PBXFileReference; lastKnownFileType = sourcecode.c.objc; path = main.m; sourceTree = "<group>"; };
		2C1CB3DC19744FDE00327FDA /* AppDelegate.h */ = {isa = PBXFileReference; lastKnownFileType = sourcecode.c.h; path = AppDelegate.h; sourceTree = "<group>"; };
		2C1CB3DD19744FDE00327FDA /* AppDelegate.m */ = {isa = PBXFileReference; lastKnownFileType = sourcecode.c.objc; path = AppDelegate.m; sourceTree = "<group>"; };
		2C1CB3DF19744FDE00327FDA /* FirstViewController.h */ = {isa = PBXFileReference; lastKnownFileType = sourcecode.c.h; path = FirstViewController.h; sourceTree = "<group>"; };
		2C1CB3E019744FDE00327FDA /* FirstViewController.m */ = {isa = PBXFileReference; lastKnownFileType = sourcecode.c.objc; path = FirstViewController.m; sourceTree = "<group>"; };
		2C1CB3E219744FDE00327FDA /* SecondViewController.h */ = {isa = PBXFileReference; lastKnownFileType = sourcecode.c.h; path = SecondViewController.h; sourceTree = "<group>"; };
		2C1CB3E319744FDE00327FDA /* SecondViewController.m */ = {isa = PBXFileReference; lastKnownFileType = sourcecode.c.objc; path = SecondViewController.m; sourceTree = "<group>"; };
		2C1CB3E619744FDE00327FDA /* Base */ = {isa = PBXFileReference; lastKnownFileType = file.storyboard; name = Base; path = Base.lproj/Main.storyboard; sourceTree = "<group>"; };
		2C1CB3E819744FDE00327FDA /* Images.xcassets */ = {isa = PBXFileReference; lastKnownFileType = folder.assetcatalog; path = Images.xcassets; sourceTree = "<group>"; };
		2C1CB3EE19744FDE00327FDA /* WonderlandTests.xctest */ = {isa = PBXFileReference; explicitFileType = wrapper.cfbundle; includeInIndex = 0; path = WonderlandTests.xctest; sourceTree = BUILT_PRODUCTS_DIR; };
		2C1CB3F319744FDE00327FDA /* Info.plist */ = {isa = PBXFileReference; lastKnownFileType = text.plist.xml; path = Info.plist; sourceTree = "<group>"; };
		2C1CB3F419744FDE00327FDA /* WonderlandTests.m */ = {isa = PBXFileReference; lastKnownFileType = sourcecode.c.objc; path = WonderlandTests.m; sourceTree = "<group>"; };
/* End PBXFileReference section */

/* Begin PBXFrameworksBuildPhase section */
		2C1CB3D219744FDD00327FDA /* Frameworks */ = {
			isa = PBXFrameworksBuildPhase;
			buildActionMask = 2147483647;
			files = (
			);
			runOnlyForDeploymentPostprocessing = 0;
		};
		2C1CB3EB19744FDE00327FDA /* Frameworks */ = {
			isa = PBXFrameworksBuildPhase;
			buildActionMask = 2147483647;
			files = (
			);
			runOnlyForDeploymentPostprocessing = 0;
		};
/* End PBXFrameworksBuildPhase section */

/* Begin PBXGroup section */
		2C1CB3CC19744FDD00327FDA = {
			isa = PBXGroup;
			children = (
				2C1CB3D719744FDD00327FDA /* Wonderland */,
				2C1CB3F119744FDE00327FDA /* WonderlandTests */,
				2C1CB3D619744FDD00327FDA /* Products */,
			);
			sourceTree = "<group>";
		};
		2C1CB3D619744FDD00327FDA /* Products */ = {
			isa = PBXGroup;
			children = (
				2C1CB3D519744FDD00327FDA /* Wonderland.app */,
				2C1CB3EE19744FDE00327FDA /* WonderlandTests.xctest */,
			);
			name = Products;
			sourceTree = "<group>";
		};
		2C1CB3D719744FDD00327FDA /* Wonderland */ = {
			isa = PBXGroup;
			children = (
				2C1CB3DC19744FDE00327FDA /* AppDelegate.h */,
				2C1CB3DD19744FDE00327FDA /* AppDelegate.m */,
				2C1CB3DF19744FDE00327FDA /* FirstViewController.h */,
				2C1CB3E019744FDE00327FDA /* FirstViewController.m */,
				2C1CB3E219744FDE00327FDA /* SecondViewController.h */,
				2C1CB3E319744FDE00327FDA /* SecondViewController.m */,
				2C1CB3E519744FDE00327FDA /* Main.storyboard */,
				2C1CB3E819744FDE00327FDA /* Images.xcassets */,
				2C1CB3D819744FDE00327FDA /* Supporting Files */,
			);
			path = Wonderland;
			sourceTree = "<group>";
		};
		2C1CB3D819744FDE00327FDA /* Supporting Files */ = {
			isa = PBXGroup;
			children = (
				2C1CB3D919744FDE00327FDA /* Info.plist */,
				2C1CB3DA19744FDE00327FDA /* main.m */,
			);
			name = "Supporting Files";
			sourceTree = "<group>";
		};
		2C1CB3F119744FDE00327FDA /* WonderlandTests */ = {
			isa = PBXGroup;
			children = (
				2C1CB3F419744FDE00327FDA /* WonderlandTests.m */,
				2C1CB3F219744FDE00327FDA /* Supporting Files */,
			);
			path = WonderlandTests;
			sourceTree = "<group>";
		};
		2C1CB3F219744FDE00327FDA /* Supporting Files */ = {
			isa = PBXGroup;
			children = (
				2C1CB3F319744FDE00327FDA /* Info.plist */,
			);
			name = "Supporting Files";
			sourceTree = "<group>";
		};
/* End PBXGroup section */

/* Begin PBXNativeTarget section */
		2C1CB3D419744FDD00327FDA /* Wonderland */ = {
			isa = PBXNativeTarget;
			buildConfigurationList = 2C1CB3F819744FDE00327FDA /* Build configuration list for PBXNativeTarget "Wonderland" */;
			buildPhases = (
				2C1CB3D119744FDD00327FDA /* Sources */,
				2C1CB3D219744FDD00327FDA /* Frameworks */,
				2C1CB3D319744FDD00327FDA /* Resources */,
			);
			buildRules = (
			);
			dependencies = (
			);
			name = Wonderland;
			productName = Wonderland;
			productReference = 2C1CB3D519744FDD00327FDA /* Wonderland.app */;
			productType = "com.apple.product-type.application";
		};
		2C1CB3ED19744FDE00327FDA /* WonderlandTests */ = {
			isa = PBXNativeTarget;
			buildConfigurationList = 2C1CB3FB19744FDE00327FDA /* Build configuration list for PBXNativeTarget "WonderlandTests" */;
			buildPhases = (
				2C1CB3EA19744FDE00327FDA /* Sources */,
				2C1CB3EB19744FDE00327FDA /* Frameworks */,
				2C1CB3EC19744FDE00327FDA /* Resources */,
			);
			buildRules = (
			);
			dependencies = (
				2C1CB3F019744FDE00327FDA /* PBXTargetDependency */,
			);
			name = WonderlandTests;
			productName = WonderlandTests;
			productReference = 2C1CB3EE19744FDE00327FDA /* WonderlandTests.xctest */;
			productType = "com.apple.product-type.bundle.unit-test";
		};
/* End PBXNativeTarget section */

/* Begin PBXProject section */
		2C1CB3CD19744FDD00327FDA /* Project object */ = {
			isa = PBXProject;
			attributes = {
				LastUpgradeCheck = 0600;
				ORGANIZATIONNAME = metodowhite;
				TargetAttributes = {
					2C1CB3D419744FDD00327FDA = {
						CreatedOnToolsVersion = 6.0;
					};
					2C1CB3ED19744FDE00327FDA = {
						CreatedOnToolsVersion = 6.0;
						TestTargetID = 2C1CB3D419744FDD00327FDA;
					};
				};
			};
			buildConfigurationList = 2C1CB3D019744FDD00327FDA /* Build configuration list for PBXProject "Wonderland" */;
			compatibilityVersion = "Xcode 3.2";
			developmentRegion = English;
			hasScannedForEncodings = 0;
			knownRegions = (
				en,
				Base,
			);
			mainGroup = 2C1CB3CC19744FDD00327FDA;
			productRefGroup = 2C1CB3D619744FDD00327FDA /* Products */;
			projectDirPath = "";
			projectRoot = "";
			targets = (
				2C1CB3D419744FDD00327FDA /* Wonderland */,
				2C1CB3ED19744FDE00327FDA /* WonderlandTests */,
			);
		};
/* End PBXProject section */

/* Begin PBXResourcesBuildPhase section */
		2C1CB3D319744FDD00327FDA /* Resources */ = {
			isa = PBXResourcesBuildPhase;
			buildActionMask = 2147483647;
			files = (
				2C1CB3E719744FDE00327FDA /* Main.storyboard in Resources */,
				2C1CB3E919744FDE00327FDA /* Images.xcassets in Resources */,
			);
			runOnlyForDeploymentPostprocessing = 0;
		};
		2C1CB3EC19744FDE00327FDA /* Resources */ = {
			isa = PBXResourcesBuildPhase;
			buildActionMask = 2147483647;
			files = (
			);
			runOnlyForDeploymentPostprocessing = 0;
		};
/* End PBXResourcesBuildPhase section */

/* Begin PBXSourcesBuildPhase section */
		2C1CB3D119744FDD00327FDA /* Sources */ = {
			isa = PBXSourcesBuildPhase;
			buildActionMask = 2147483647;
			files = (
				2C1CB3E419744FDE00327FDA /* SecondViewController.m in Sources */,
				2C1CB3DE19744FDE00327FDA /* AppDelegate.m in Sources */,
				2C1CB3E119744FDE00327FDA /* FirstViewController.m in Sources */,
				2C1CB3DB19744FDE00327FDA /* main.m in Sources */,
			);
			runOnlyForDeploymentPostprocessing = 0;
		};
		2C1CB3EA19744FDE00327FDA /* Sources */ = {
			isa = PBXSourcesBuildPhase;
			buildActionMask = 2147483647;
			files = (
				2C1CB3F519744FDE00327FDA /* WonderlandTests.m in Sources */,
			);
			runOnlyForDeploymentPostprocessing = 0;
		};
/* End PBXSourcesBuildPhase section */

/* Begin PBXTargetDependency section */
		2C1CB3F019744FDE00327FDA /* PBXTargetDependency */ = {
			isa = PBXTargetDependency;
			target = 2C1CB3D419744FDD00327FDA /* Wonderland */;
			targetProxy = 2C1CB3EF19744FDE00327FDA /* PBXContainerItemProxy */;
		};
/* End PBXTargetDependency section */

/* Begin PBXVariantGroup section */
		2C1CB3E519744FDE00327FDA /* Main.storyboard */ = {
			isa = PBXVariantGroup;
			children = (
				2C1CB3E619744FDE00327FDA /* Base */,
			);
			name = Main.storyboard;
			sourceTree = "<group>";
		};
/* End PBXVariantGroup section */

/* Begin XCBuildConfiguration section */
		2C1CB3F619744FDE00327FDA /* Debug */ = {
			isa = XCBuildConfiguration;
			buildSettings = {
				ALWAYS_SEARCH_USER_PATHS = NO;
				CLANG_CXX_LANGUAGE_STANDARD = "gnu++0x";
				CLANG_CXX_LIBRARY = "libc++";
				CLANG_ENABLE_MODULES = YES;
				CLANG_ENABLE_OBJC_ARC = YES;
				CLANG_WARN_BOOL_CONVERSION = YES;
				CLANG_WARN_CONSTANT_CONVERSION = YES;
				CLANG_WARN_DIRECT_OBJC_ISA_USAGE = YES_ERROR;
				CLANG_WARN_EMPTY_BODY = YES;
				CLANG_WARN_ENUM_CONVERSION = YES;
				CLANG_WARN_INT_CONVERSION = YES;
				CLANG_WARN_OBJC_ROOT_CLASS = YES_ERROR;
				CLANG_WARN_UNREACHABLE_CODE = YES;
				CLANG_WARN__DUPLICATE_METHOD_MATCH = YES;
				"CODE_SIGN_IDENTITY[sdk=iphoneos*]" = "iPhone Developer";
				COPY_PHASE_STRIP = NO;
				ENABLE_STRICT_OBJC_MSGSEND = YES;
				GCC_C_LANGUAGE_STANDARD = gnu99;
				GCC_DYNAMIC_NO_PIC = NO;
				GCC_OPTIMIZATION_LEVEL = 0;
				GCC_PREPROCESSOR_DEFINITIONS = (
					"DEBUG=1",
					"$(inherited)",
				);
				GCC_SYMBOLS_PRIVATE_EXTERN = NO;
				GCC_WARN_64_TO_32_BIT_CONVERSION = YES;
				GCC_WARN_ABOUT_RETURN_TYPE = YES_ERROR;
				GCC_WARN_UNDECLARED_SELECTOR = YES;
				GCC_WARN_UNINITIALIZED_AUTOS = YES_AGGRESSIVE;
				GCC_WARN_UNUSED_FUNCTION = YES;
				GCC_WARN_UNUSED_VARIABLE = YES;
				IPHONEOS_DEPLOYMENT_TARGET = 8.0;
				MTL_ENABLE_DEBUG_INFO = YES;
				ONLY_ACTIVE_ARCH = YES;
				SDKROOT = iphoneos;
				TARGETED_DEVICE_FAMILY = "1,2";
			};
			name = Debug;
		};
		2C1CB3F719744FDE00327FDA /* Release */ = {
			isa = XCBuildConfiguration;
			buildSettings = {
				ALWAYS_SEARCH_USER_PATHS = NO;
				CLANG_CXX_LANGUAGE_STANDARD = "gnu++0x";
				CLANG_CXX_LIBRARY = "libc++";
				CLANG_ENABLE_MODULES = YES;
				CLANG_ENABLE_OBJC_ARC = YES;
				CLANG_WARN_BOOL_CONVERSION = YES;
				CLANG_WARN_CONSTANT_CONVERSION = YES;
				CLANG_WARN_DIRECT_OBJC_ISA_USAGE = YES_ERROR;
				CLANG_WARN_EMPTY_BODY = YES;
				CLANG_WARN_ENUM_CONVERSION = YES;
				CLANG_WARN_INT_CONVERSION = YES;
				CLANG_WARN_OBJC_ROOT_CLASS = YES_ERROR;
				CLANG_WARN_UNREACHABLE_CODE = YES;
				CLANG_WARN__DUPLICATE_METHOD_MATCH = YES;
				"CODE_SIGN_IDENTITY[sdk=iphoneos*]" = "iPhone Developer";
				COPY_PHASE_STRIP = YES;
				ENABLE_NS_ASSERTIONS = NO;
				ENABLE_STRICT_OBJC_MSGSEND = YES;
				GCC_C_LANGUAGE_STANDARD = gnu99;
				GCC_WARN_64_TO_32_BIT_CONVERSION = YES;
				GCC_WARN_ABOUT_RETURN_TYPE = YES_ERROR;
				GCC_WARN_UNDECLARED_SELECTOR = YES;
				GCC_WARN_UNINITIALIZED_AUTOS = YES_AGGRESSIVE;
				GCC_WARN_UNUSED_FUNCTION = YES;
				GCC_WARN_UNUSED_VARIABLE = YES;
				IPHONEOS_DEPLOYMENT_TARGET = 8.0;
				MTL_ENABLE_DEBUG_INFO = NO;
				SDKROOT = iphoneos;
				TARGETED_DEVICE_FAMILY = "1,2";
				VALIDATE_PRODUCT = YES;
			};
			name = Release;
		};
		2C1CB3F919744FDE00327FDA /* Debug */ = {
			isa = XCBuildConfiguration;
			buildSettings = {
				ASSETCATALOG_COMPILER_APPICON_NAME = AppIcon;
				ASSETCATALOG_COMPILER_LAUNCHIMAGE_NAME = LaunchImage;
				INFOPLIST_FILE = Wonderland/Info.plist;
				LD_RUNPATH_SEARCH_PATHS = "$(inherited) @executable_path/Frameworks";
				PRODUCT_NAME = "$(TARGET_NAME)";
			};
			name = Debug;
		};
		2C1CB3FA19744FDE00327FDA /* Release */ = {
			isa = XCBuildConfiguration;
			buildSettings = {
				ASSETCATALOG_COMPILER_APPICON_NAME = AppIcon;
				ASSETCATALOG_COMPILER_LAUNCHIMAGE_NAME = LaunchImage;
				INFOPLIST_FILE = Wonderland/Info.plist;
				LD_RUNPATH_SEARCH_PATHS = "$(inherited) @executable_path/Frameworks";
				PRODUCT_NAME = "$(TARGET_NAME)";
			};
			name = Release;
		};
		2C1CB3FC19744FDE00327FDA /* Debug */ = {
			isa = XCBuildConfiguration;
			buildSettings = {
				BUNDLE_LOADER = "$(BUILT_PRODUCTS_DIR)/Wonderland.app/Wonderland";
				FRAMEWORK_SEARCH_PATHS = (
					"$(SDKROOT)/Developer/Library/Frameworks",
					"$(inherited)",
				);
				GCC_PREPROCESSOR_DEFINITIONS = (
					"DEBUG=1",
					"$(inherited)",
				);
				INFOPLIST_FILE = WonderlandTests/Info.plist;
				LD_RUNPATH_SEARCH_PATHS = "$(inherited) @executable_path/Frameworks @loader_path/Frameworks";
				PRODUCT_NAME = "$(TARGET_NAME)";
				TEST_HOST = "$(BUNDLE_LOADER)";
			};
			name = Debug;
		};
		2C1CB3FD19744FDE00327FDA /* Release */ = {
			isa = XCBuildConfiguration;
			buildSettings = {
				BUNDLE_LOADER = "$(BUILT_PRODUCTS_DIR)/Wonderland.app/Wonderland";
				FRAMEWORK_SEARCH_PATHS = (
					"$(SDKROOT)/Developer/Library/Frameworks",
					"$(inherited)",
				);
				INFOPLIST_FILE = WonderlandTests/Info.plist;
				LD_RUNPATH_SEARCH_PATHS = "$(inherited) @executable_path/Frameworks @loader_path/Frameworks";
				PRODUCT_NAME = "$(TARGET_NAME)";
				TEST_HOST = "$(BUNDLE_LOADER)";
			};
			name = Release;
		};
/* End XCBuildConfiguration section */

/* Begin XCConfigurationList section */
		2C1CB3D019744FDD00327FDA /* Build configuration list for PBXProject "Wonderland" */ = {
			isa = XCConfigurationList;
			buildConfigurations = (
				2C1CB3F619744FDE00327FDA /* Debug */,
				2C1CB3F719744FDE00327FDA /* Release */,
			);
			defaultConfigurationIsVisible = 0;
			defaultConfigurationName = Release;
		};
		2C1CB3F819744FDE00327FDA /* Build configuration list for PBXNativeTarget "Wonderland" */ = {
			isa = XCConfigurationList;
			buildConfigurations = (
				2C1CB3F919744FDE00327FDA /* Debug */,
				2C1CB3FA19744FDE00327FDA /* Release */,
			);
			defaultConfigurationIsVisible = 0;
		};
		2C1CB3FB19744FDE00327FDA /* Build configuration list for PBXNativeTarget "WonderlandTests" */ = {
			isa = XCConfigurationList;
			buildConfigurations = (
				2C1CB3FC19744FDE00327FDA /* Debug */,
				2C1CB3FD19744FDE00327FDA /* Release */,
			);
			defaultConfigurationIsVisible = 0;
		};
/* End XCConfigurationList section */
	};
	rootObject = 2C1CB3CD19744FDD00327FDA /* Project object */;
}
