// !$*UTF8*$!
{
	archiveVersion = 1;
	classes = {
	};
	objectVersion = 46;
	objects = {

/* Begin PBXBuildFile section */
		2C0E4B0F196DD1C300BFBAE8 /* main.m in Sources */ = {isa = PBXBuildFile; fileRef = 2C0E4B0E196DD1C300BFBAE8 /* main.m */; };
		2C0E4B12196DD1C300BFBAE8 /* AppDelegate.m in Sources */ = {isa = PBXBuildFile; fileRef = 2C0E4B11196DD1C300BFBAE8 /* AppDelegate.m */; };
		2C0E4B15196DD1C300BFBAE8 /* ViewController.m in Sources */ = {isa = PBXBuildFile; fileRef = 2C0E4B14196DD1C300BFBAE8 /* ViewController.m */; };
		2C0E4B18196DD1C300BFBAE8 /* Main.storyboard in Resources */ = {isa = PBXBuildFile; fileRef = 2C0E4B16196DD1C300BFBAE8 /* Main.storyboard */; };
		2C0E4B1A196DD1C300BFBAE8 /* Images.xcassets in Resources */ = {isa = PBXBuildFile; fileRef = 2C0E4B19196DD1C300BFBAE8 /* Images.xcassets */; };
		2C0E4B26196DD1C300BFBAE8 /* RandomGroupsTests.m in Sources */ = {isa = PBXBuildFile; fileRef = 2C0E4B25196DD1C300BFBAE8 /* RandomGroupsTests.m */; };
		2C0E4B31196DD21700BFBAE8 /* GroupsTableViewController.m in Sources */ = {isa = PBXBuildFile; fileRef = 2C0E4B30196DD21700BFBAE8 /* GroupsTableViewController.m */; };
/* End PBXBuildFile section */

/* Begin PBXContainerItemProxy section */
		2C0E4B20196DD1C300BFBAE8 /* PBXContainerItemProxy */ = {
			isa = PBXContainerItemProxy;
			containerPortal = 2C0E4B01196DD1C200BFBAE8 /* Project object */;
			proxyType = 1;
			remoteGlobalIDString = 2C0E4B08196DD1C200BFBAE8;
			remoteInfo = RandomGroups;
		};
/* End PBXContainerItemProxy section */

/* Begin PBXFileReference section */
		2C0E4B09196DD1C200BFBAE8 /* RandomGroups.app */ = {isa = PBXFileReference; explicitFileType = wrapper.application; includeInIndex = 0; path = RandomGroups.app; sourceTree = BUILT_PRODUCTS_DIR; };
		2C0E4B0D196DD1C300BFBAE8 /* Info.plist */ = {isa = PBXFileReference; lastKnownFileType = text.plist.xml; path = Info.plist; sourceTree = "<group>"; };
		2C0E4B0E196DD1C300BFBAE8 /* main.m */ = {isa = PBXFileReference; lastKnownFileType = sourcecode.c.objc; path = main.m; sourceTree = "<group>"; };
		2C0E4B10196DD1C300BFBAE8 /* AppDelegate.h */ = {isa = PBXFileReference; lastKnownFileType = sourcecode.c.h; path = AppDelegate.h; sourceTree = "<group>"; };
		2C0E4B11196DD1C300BFBAE8 /* AppDelegate.m */ = {isa = PBXFileReference; lastKnownFileType = sourcecode.c.objc; path = AppDelegate.m; sourceTree = "<group>"; };
		2C0E4B13196DD1C300BFBAE8 /* ViewController.h */ = {isa = PBXFileReference; lastKnownFileType = sourcecode.c.h; path = ViewController.h; sourceTree = "<group>"; };
		2C0E4B14196DD1C300BFBAE8 /* ViewController.m */ = {isa = PBXFileReference; lastKnownFileType = sourcecode.c.objc; path = ViewController.m; sourceTree = "<group>"; };
		2C0E4B17196DD1C300BFBAE8 /* Base */ = {isa = PBXFileReference; lastKnownFileType = file.storyboard; name = Base; path = Base.lproj/Main.storyboard; sourceTree = "<group>"; };
		2C0E4B19196DD1C300BFBAE8 /* Images.xcassets */ = {isa = PBXFileReference; lastKnownFileType = folder.assetcatalog; path = Images.xcassets; sourceTree = "<group>"; };
		2C0E4B1F196DD1C300BFBAE8 /* RandomGroupsTests.xctest */ = {isa = PBXFileReference; explicitFileType = wrapper.cfbundle; includeInIndex = 0; path = RandomGroupsTests.xctest; sourceTree = BUILT_PRODUCTS_DIR; };
		2C0E4B24196DD1C300BFBAE8 /* Info.plist */ = {isa = PBXFileReference; lastKnownFileType = text.plist.xml; path = Info.plist; sourceTree = "<group>"; };
		2C0E4B25196DD1C300BFBAE8 /* RandomGroupsTests.m */ = {isa = PBXFileReference; lastKnownFileType = sourcecode.c.objc; path = RandomGroupsTests.m; sourceTree = "<group>"; };
		2C0E4B2F196DD21700BFBAE8 /* GroupsTableViewController.h */ = {isa = PBXFileReference; fileEncoding = 4; lastKnownFileType = sourcecode.c.h; path = GroupsTableViewController.h; sourceTree = "<group>"; };
		2C0E4B30196DD21700BFBAE8 /* GroupsTableViewController.m */ = {isa = PBXFileReference; fileEncoding = 4; lastKnownFileType = sourcecode.c.objc; path = GroupsTableViewController.m; sourceTree = "<group>"; };
/* End PBXFileReference section */

/* Begin PBXFrameworksBuildPhase section */
		2C0E4B06196DD1C200BFBAE8 /* Frameworks */ = {
			isa = PBXFrameworksBuildPhase;
			buildActionMask = 2147483647;
			files = (
			);
			runOnlyForDeploymentPostprocessing = 0;
		};
		2C0E4B1C196DD1C300BFBAE8 /* Frameworks */ = {
			isa = PBXFrameworksBuildPhase;
			buildActionMask = 2147483647;
			files = (
			);
			runOnlyForDeploymentPostprocessing = 0;
		};
/* End PBXFrameworksBuildPhase section */

/* Begin PBXGroup section */
		2C0E4B00196DD1C200BFBAE8 = {
			isa = PBXGroup;
			children = (
				2C0E4B0B196DD1C200BFBAE8 /* RandomGroups */,
				2C0E4B22196DD1C300BFBAE8 /* RandomGroupsTests */,
				2C0E4B0A196DD1C200BFBAE8 /* Products */,
			);
			sourceTree = "<group>";
		};
		2C0E4B0A196DD1C200BFBAE8 /* Products */ = {
			isa = PBXGroup;
			children = (
				2C0E4B09196DD1C200BFBAE8 /* RandomGroups.app */,
				2C0E4B1F196DD1C300BFBAE8 /* RandomGroupsTests.xctest */,
			);
			name = Products;
			sourceTree = "<group>";
		};
		2C0E4B0B196DD1C200BFBAE8 /* RandomGroups */ = {
			isa = PBXGroup;
			children = (
				2C0E4B10196DD1C300BFBAE8 /* AppDelegate.h */,
				2C0E4B11196DD1C300BFBAE8 /* AppDelegate.m */,
				2C0E4B13196DD1C300BFBAE8 /* ViewController.h */,
				2C0E4B14196DD1C300BFBAE8 /* ViewController.m */,
				2C0E4B16196DD1C300BFBAE8 /* Main.storyboard */,
				2C0E4B2F196DD21700BFBAE8 /* GroupsTableViewController.h */,
				2C0E4B30196DD21700BFBAE8 /* GroupsTableViewController.m */,
				2C0E4B19196DD1C300BFBAE8 /* Images.xcassets */,
				2C0E4B0C196DD1C300BFBAE8 /* Supporting Files */,
			);
			path = RandomGroups;
			sourceTree = "<group>";
		};
		2C0E4B0C196DD1C300BFBAE8 /* Supporting Files */ = {
			isa = PBXGroup;
			children = (
				2C0E4B0D196DD1C300BFBAE8 /* Info.plist */,
				2C0E4B0E196DD1C300BFBAE8 /* main.m */,
			);
			name = "Supporting Files";
			sourceTree = "<group>";
		};
		2C0E4B22196DD1C300BFBAE8 /* RandomGroupsTests */ = {
			isa = PBXGroup;
			children = (
				2C0E4B25196DD1C300BFBAE8 /* RandomGroupsTests.m */,
				2C0E4B23196DD1C300BFBAE8 /* Supporting Files */,
			);
			path = RandomGroupsTests;
			sourceTree = "<group>";
		};
		2C0E4B23196DD1C300BFBAE8 /* Supporting Files */ = {
			isa = PBXGroup;
			children = (
				2C0E4B24196DD1C300BFBAE8 /* Info.plist */,
			);
			name = "Supporting Files";
			sourceTree = "<group>";
		};
/* End PBXGroup section */

/* Begin PBXNativeTarget section */
		2C0E4B08196DD1C200BFBAE8 /* RandomGroups */ = {
			isa = PBXNativeTarget;
			buildConfigurationList = 2C0E4B29196DD1C300BFBAE8 /* Build configuration list for PBXNativeTarget "RandomGroups" */;
			buildPhases = (
				2C0E4B05196DD1C200BFBAE8 /* Sources */,
				2C0E4B06196DD1C200BFBAE8 /* Frameworks */,
				2C0E4B07196DD1C200BFBAE8 /* Resources */,
			);
			buildRules = (
			);
			dependencies = (
			);
			name = RandomGroups;
			productName = RandomGroups;
			productReference = 2C0E4B09196DD1C200BFBAE8 /* RandomGroups.app */;
			productType = "com.apple.product-type.application";
		};
		2C0E4B1E196DD1C300BFBAE8 /* RandomGroupsTests */ = {
			isa = PBXNativeTarget;
			buildConfigurationList = 2C0E4B2C196DD1C300BFBAE8 /* Build configuration list for PBXNativeTarget "RandomGroupsTests" */;
			buildPhases = (
				2C0E4B1B196DD1C300BFBAE8 /* Sources */,
				2C0E4B1C196DD1C300BFBAE8 /* Frameworks */,
				2C0E4B1D196DD1C300BFBAE8 /* Resources */,
			);
			buildRules = (
			);
			dependencies = (
				2C0E4B21196DD1C300BFBAE8 /* PBXTargetDependency */,
			);
			name = RandomGroupsTests;
			productName = RandomGroupsTests;
			productReference = 2C0E4B1F196DD1C300BFBAE8 /* RandomGroupsTests.xctest */;
			productType = "com.apple.product-type.bundle.unit-test";
		};
/* End PBXNativeTarget section */

/* Begin PBXProject section */
		2C0E4B01196DD1C200BFBAE8 /* Project object */ = {
			isa = PBXProject;
			attributes = {
				LastUpgradeCheck = 0600;
				ORGANIZATIONNAME = metodowhite;
				TargetAttributes = {
					2C0E4B08196DD1C200BFBAE8 = {
						CreatedOnToolsVersion = 6.0;
					};
					2C0E4B1E196DD1C300BFBAE8 = {
						CreatedOnToolsVersion = 6.0;
						TestTargetID = 2C0E4B08196DD1C200BFBAE8;
					};
				};
			};
			buildConfigurationList = 2C0E4B04196DD1C200BFBAE8 /* Build configuration list for PBXProject "RandomGroups" */;
			compatibilityVersion = "Xcode 3.2";
			developmentRegion = English;
			hasScannedForEncodings = 0;
			knownRegions = (
				en,
				Base,
			);
			mainGroup = 2C0E4B00196DD1C200BFBAE8;
			productRefGroup = 2C0E4B0A196DD1C200BFBAE8 /* Products */;
			projectDirPath = "";
			projectRoot = "";
			targets = (
				2C0E4B08196DD1C200BFBAE8 /* RandomGroups */,
				2C0E4B1E196DD1C300BFBAE8 /* RandomGroupsTests */,
			);
		};
/* End PBXProject section */

/* Begin PBXResourcesBuildPhase section */
		2C0E4B07196DD1C200BFBAE8 /* Resources */ = {
			isa = PBXResourcesBuildPhase;
			buildActionMask = 2147483647;
			files = (
				2C0E4B18196DD1C300BFBAE8 /* Main.storyboard in Resources */,
				2C0E4B1A196DD1C300BFBAE8 /* Images.xcassets in Resources */,
			);
			runOnlyForDeploymentPostprocessing = 0;
		};
		2C0E4B1D196DD1C300BFBAE8 /* Resources */ = {
			isa = PBXResourcesBuildPhase;
			buildActionMask = 2147483647;
			files = (
			);
			runOnlyForDeploymentPostprocessing = 0;
		};
/* End PBXResourcesBuildPhase section */

/* Begin PBXSourcesBuildPhase section */
		2C0E4B05196DD1C200BFBAE8 /* Sources */ = {
			isa = PBXSourcesBuildPhase;
			buildActionMask = 2147483647;
			files = (
				2C0E4B15196DD1C300BFBAE8 /* ViewController.m in Sources */,
				2C0E4B31196DD21700BFBAE8 /* GroupsTableViewController.m in Sources */,
				2C0E4B12196DD1C300BFBAE8 /* AppDelegate.m in Sources */,
				2C0E4B0F196DD1C300BFBAE8 /* main.m in Sources */,
			);
			runOnlyForDeploymentPostprocessing = 0;
		};
		2C0E4B1B196DD1C300BFBAE8 /* Sources */ = {
			isa = PBXSourcesBuildPhase;
			buildActionMask = 2147483647;
			files = (
				2C0E4B26196DD1C300BFBAE8 /* RandomGroupsTests.m in Sources */,
			);
			runOnlyForDeploymentPostprocessing = 0;
		};
/* End PBXSourcesBuildPhase section */

/* Begin PBXTargetDependency section */
		2C0E4B21196DD1C300BFBAE8 /* PBXTargetDependency */ = {
			isa = PBXTargetDependency;
			target = 2C0E4B08196DD1C200BFBAE8 /* RandomGroups */;
			targetProxy = 2C0E4B20196DD1C300BFBAE8 /* PBXContainerItemProxy */;
		};
/* End PBXTargetDependency section */

/* Begin PBXVariantGroup section */
		2C0E4B16196DD1C300BFBAE8 /* Main.storyboard */ = {
			isa = PBXVariantGroup;
			children = (
				2C0E4B17196DD1C300BFBAE8 /* Base */,
			);
			name = Main.storyboard;
			sourceTree = "<group>";
		};
/* End PBXVariantGroup section */

/* Begin XCBuildConfiguration section */
		2C0E4B27196DD1C300BFBAE8 /* Debug */ = {
			isa = XCBuildConfiguration;
			buildSettings = {
				ALWAYS_SEARCH_USER_PATHS = NO;
				CLANG_CXX_LANGUAGE_STANDARD = "gnu++0x";
				CLANG_CXX_LIBRARY = "libc++";
				CLANG_ENABLE_MODULES = YES;
				CLANG_ENABLE_OBJC_ARC = YES;
				CLANG_WARN_BOOL_CONVERSION = YES;
				CLANG_WARN_CONSTANT_CONVERSION = YES;
				CLANG_WARN_DIRECT_OBJC_ISA_USAGE = YES_ERROR;
				CLANG_WARN_EMPTY_BODY = YES;
				CLANG_WARN_ENUM_CONVERSION = YES;
				CLANG_WARN_INT_CONVERSION = YES;
				CLANG_WARN_OBJC_ROOT_CLASS = YES_ERROR;
				CLANG_WARN_UNREACHABLE_CODE = YES;
				CLANG_WARN__DUPLICATE_METHOD_MATCH = YES;
				"CODE_SIGN_IDENTITY[sdk=iphoneos*]" = "iPhone Developer";
				COPY_PHASE_STRIP = NO;
				ENABLE_STRICT_OBJC_MSGSEND = YES;
				GCC_C_LANGUAGE_STANDARD = gnu99;
				GCC_DYNAMIC_NO_PIC = NO;
				GCC_OPTIMIZATION_LEVEL = 0;
				GCC_PREPROCESSOR_DEFINITIONS = (
					"DEBUG=1",
					"$(inherited)",
				);
				GCC_SYMBOLS_PRIVATE_EXTERN = NO;
				GCC_WARN_64_TO_32_BIT_CONVERSION = YES;
				GCC_WARN_ABOUT_RETURN_TYPE = YES_ERROR;
				GCC_WARN_UNDECLARED_SELECTOR = YES;
				GCC_WARN_UNINITIALIZED_AUTOS = YES_AGGRESSIVE;
				GCC_WARN_UNUSED_FUNCTION = YES;
				GCC_WARN_UNUSED_VARIABLE = YES;
				IPHONEOS_DEPLOYMENT_TARGET = 8.0;
				MTL_ENABLE_DEBUG_INFO = YES;
				ONLY_ACTIVE_ARCH = YES;
				SDKROOT = iphoneos;
				TARGETED_DEVICE_FAMILY = "1,2";
			};
			name = Debug;
		};
		2C0E4B28196DD1C300BFBAE8 /* Release */ = {
			isa = XCBuildConfiguration;
			buildSettings = {
				ALWAYS_SEARCH_USER_PATHS = NO;
				CLANG_CXX_LANGUAGE_STANDARD = "gnu++0x";
				CLANG_CXX_LIBRARY = "libc++";
				CLANG_ENABLE_MODULES = YES;
				CLANG_ENABLE_OBJC_ARC = YES;
				CLANG_WARN_BOOL_CONVERSION = YES;
				CLANG_WARN_CONSTANT_CONVERSION = YES;
				CLANG_WARN_DIRECT_OBJC_ISA_USAGE = YES_ERROR;
				CLANG_WARN_EMPTY_BODY = YES;
				CLANG_WARN_ENUM_CONVERSION = YES;
				CLANG_WARN_INT_CONVERSION = YES;
				CLANG_WARN_OBJC_ROOT_CLASS = YES_ERROR;
				CLANG_WARN_UNREACHABLE_CODE = YES;
				CLANG_WARN__DUPLICATE_METHOD_MATCH = YES;
				"CODE_SIGN_IDENTITY[sdk=iphoneos*]" = "iPhone Developer";
				COPY_PHASE_STRIP = YES;
				ENABLE_NS_ASSERTIONS = NO;
				ENABLE_STRICT_OBJC_MSGSEND = YES;
				GCC_C_LANGUAGE_STANDARD = gnu99;
				GCC_WARN_64_TO_32_BIT_CONVERSION = YES;
				GCC_WARN_ABOUT_RETURN_TYPE = YES_ERROR;
				GCC_WARN_UNDECLARED_SELECTOR = YES;
				GCC_WARN_UNINITIALIZED_AUTOS = YES_AGGRESSIVE;
				GCC_WARN_UNUSED_FUNCTION = YES;
				GCC_WARN_UNUSED_VARIABLE = YES;
				IPHONEOS_DEPLOYMENT_TARGET = 8.0;
				MTL_ENABLE_DEBUG_INFO = NO;
				SDKROOT = iphoneos;
				TARGETED_DEVICE_FAMILY = "1,2";
				VALIDATE_PRODUCT = YES;
			};
			name = Release;
		};
		2C0E4B2A196DD1C300BFBAE8 /* Debug */ = {
			isa = XCBuildConfiguration;
			buildSettings = {
				ASSETCATALOG_COMPILER_APPICON_NAME = AppIcon;
				ASSETCATALOG_COMPILER_LAUNCHIMAGE_NAME = LaunchImage;
				INFOPLIST_FILE = RandomGroups/Info.plist;
				LD_RUNPATH_SEARCH_PATHS = "$(inherited) @executable_path/Frameworks";
				PRODUCT_NAME = "$(TARGET_NAME)";
			};
			name = Debug;
		};
		2C0E4B2B196DD1C300BFBAE8 /* Release */ = {
			isa = XCBuildConfiguration;
			buildSettings = {
				ASSETCATALOG_COMPILER_APPICON_NAME = AppIcon;
				ASSETCATALOG_COMPILER_LAUNCHIMAGE_NAME = LaunchImage;
				INFOPLIST_FILE = RandomGroups/Info.plist;
				LD_RUNPATH_SEARCH_PATHS = "$(inherited) @executable_path/Frameworks";
				PRODUCT_NAME = "$(TARGET_NAME)";
			};
			name = Release;
		};
		2C0E4B2D196DD1C300BFBAE8 /* Debug */ = {
			isa = XCBuildConfiguration;
			buildSettings = {
				BUNDLE_LOADER = "$(BUILT_PRODUCTS_DIR)/RandomGroups.app/RandomGroups";
				FRAMEWORK_SEARCH_PATHS = (
					"$(SDKROOT)/Developer/Library/Frameworks",
					"$(inherited)",
				);
				GCC_PREPROCESSOR_DEFINITIONS = (
					"DEBUG=1",
					"$(inherited)",
				);
				INFOPLIST_FILE = RandomGroupsTests/Info.plist;
				LD_RUNPATH_SEARCH_PATHS = "$(inherited) @executable_path/Frameworks @loader_path/Frameworks";
				PRODUCT_NAME = "$(TARGET_NAME)";
				TEST_HOST = "$(BUNDLE_LOADER)";
			};
			name = Debug;
		};
		2C0E4B2E196DD1C300BFBAE8 /* Release */ = {
			isa = XCBuildConfiguration;
			buildSettings = {
				BUNDLE_LOADER = "$(BUILT_PRODUCTS_DIR)/RandomGroups.app/RandomGroups";
				FRAMEWORK_SEARCH_PATHS = (
					"$(SDKROOT)/Developer/Library/Frameworks",
					"$(inherited)",
				);
				INFOPLIST_FILE = RandomGroupsTests/Info.plist;
				LD_RUNPATH_SEARCH_PATHS = "$(inherited) @executable_path/Frameworks @loader_path/Frameworks";
				PRODUCT_NAME = "$(TARGET_NAME)";
				TEST_HOST = "$(BUNDLE_LOADER)";
			};
			name = Release;
		};
/* End XCBuildConfiguration section */

/* Begin XCConfigurationList section */
		2C0E4B04196DD1C200BFBAE8 /* Build configuration list for PBXProject "RandomGroups" */ = {
			isa = XCConfigurationList;
			buildConfigurations = (
				2C0E4B27196DD1C300BFBAE8 /* Debug */,
				2C0E4B28196DD1C300BFBAE8 /* Release */,
			);
			defaultConfigurationIsVisible = 0;
			defaultConfigurationName = Release;
		};
		2C0E4B29196DD1C300BFBAE8 /* Build configuration list for PBXNativeTarget "RandomGroups" */ = {
			isa = XCConfigurationList;
			buildConfigurations = (
				2C0E4B2A196DD1C300BFBAE8 /* Debug */,
				2C0E4B2B196DD1C300BFBAE8 /* Release */,
			);
			defaultConfigurationIsVisible = 0;
		};
		2C0E4B2C196DD1C300BFBAE8 /* Build configuration list for PBXNativeTarget "RandomGroupsTests" */ = {
			isa = XCConfigurationList;
			buildConfigurations = (
				2C0E4B2D196DD1C300BFBAE8 /* Debug */,
				2C0E4B2E196DD1C300BFBAE8 /* Release */,
			);
			defaultConfigurationIsVisible = 0;
		};
/* End XCConfigurationList section */
	};
	rootObject = 2C0E4B01196DD1C200BFBAE8 /* Project object */;
}
