// !$*UTF8*$!
{
	archiveVersion = 1;
	classes = {
	};
	objectVersion = 46;
	objects = {

/* Begin PBXBuildFile section */
		2C76328819B4F2740003DCB1 /* main.m in Sources */ = {isa = PBXBuildFile; fileRef = 2C76328719B4F2740003DCB1 /* main.m */; };
		2C76328B19B4F2740003DCB1 /* AppDelegate.m in Sources */ = {isa = PBXBuildFile; fileRef = 2C76328A19B4F2740003DCB1 /* AppDelegate.m */; };
		2C76328E19B4F2740003DCB1 /* ViewController.m in Sources */ = {isa = PBXBuildFile; fileRef = 2C76328D19B4F2740003DCB1 /* ViewController.m */; };
		2C76329119B4F2740003DCB1 /* Main.storyboard in Resources */ = {isa = PBXBuildFile; fileRef = 2C76328F19B4F2740003DCB1 /* Main.storyboard */; };
		2C76329319B4F2740003DCB1 /* Images.xcassets in Resources */ = {isa = PBXBuildFile; fileRef = 2C76329219B4F2740003DCB1 /* Images.xcassets */; };
		2C76329F19B4F2750003DCB1 /* TestAutolayoutTests.m in Sources */ = {isa = PBXBuildFile; fileRef = 2C76329E19B4F2750003DCB1 /* TestAutolayoutTests.m */; };
		2C7632A919B4F2D70003DCB1 /* dlanham-Overlord_iPhone.jpg in Resources */ = {isa = PBXBuildFile; fileRef = 2C7632A819B4F2D70003DCB1 /* dlanham-Overlord_iPhone.jpg */; };
/* End PBXBuildFile section */

/* Begin PBXContainerItemProxy section */
		2C76329919B4F2750003DCB1 /* PBXContainerItemProxy */ = {
			isa = PBXContainerItemProxy;
			containerPortal = 2C76327A19B4F2740003DCB1 /* Project object */;
			proxyType = 1;
			remoteGlobalIDString = 2C76328119B4F2740003DCB1;
			remoteInfo = TestAutolayout;
		};
/* End PBXContainerItemProxy section */

/* Begin PBXFileReference section */
		2C76328219B4F2740003DCB1 /* TestAutolayout.app */ = {isa = PBXFileReference; explicitFileType = wrapper.application; includeInIndex = 0; path = TestAutolayout.app; sourceTree = BUILT_PRODUCTS_DIR; };
		2C76328619B4F2740003DCB1 /* Info.plist */ = {isa = PBXFileReference; lastKnownFileType = text.plist.xml; path = Info.plist; sourceTree = "<group>"; };
		2C76328719B4F2740003DCB1 /* main.m */ = {isa = PBXFileReference; lastKnownFileType = sourcecode.c.objc; path = main.m; sourceTree = "<group>"; };
		2C76328919B4F2740003DCB1 /* AppDelegate.h */ = {isa = PBXFileReference; lastKnownFileType = sourcecode.c.h; path = AppDelegate.h; sourceTree = "<group>"; };
		2C76328A19B4F2740003DCB1 /* AppDelegate.m */ = {isa = PBXFileReference; lastKnownFileType = sourcecode.c.objc; path = AppDelegate.m; sourceTree = "<group>"; };
		2C76328C19B4F2740003DCB1 /* ViewController.h */ = {isa = PBXFileReference; lastKnownFileType = sourcecode.c.h; path = ViewController.h; sourceTree = "<group>"; };
		2C76328D19B4F2740003DCB1 /* ViewController.m */ = {isa = PBXFileReference; lastKnownFileType = sourcecode.c.objc; path = ViewController.m; sourceTree = "<group>"; };
		2C76329019B4F2740003DCB1 /* Base */ = {isa = PBXFileReference; lastKnownFileType = file.storyboard; name = Base; path = Base.lproj/Main.storyboard; sourceTree = "<group>"; };
		2C76329219B4F2740003DCB1 /* Images.xcassets */ = {isa = PBXFileReference; lastKnownFileType = folder.assetcatalog; path = Images.xcassets; sourceTree = "<group>"; };
		2C76329819B4F2750003DCB1 /* TestAutolayoutTests.xctest */ = {isa = PBXFileReference; explicitFileType = wrapper.cfbundle; includeInIndex = 0; path = TestAutolayoutTests.xctest; sourceTree = BUILT_PRODUCTS_DIR; };
		2C76329D19B4F2750003DCB1 /* Info.plist */ = {isa = PBXFileReference; lastKnownFileType = text.plist.xml; path = Info.plist; sourceTree = "<group>"; };
		2C76329E19B4F2750003DCB1 /* TestAutolayoutTests.m */ = {isa = PBXFileReference; lastKnownFileType = sourcecode.c.objc; path = TestAutolayoutTests.m; sourceTree = "<group>"; };
		2C7632A819B4F2D70003DCB1 /* dlanham-Overlord_iPhone.jpg */ = {isa = PBXFileReference; lastKnownFileType = image.jpeg; path = "dlanham-Overlord_iPhone.jpg"; sourceTree = "<group>"; };
/* End PBXFileReference section */

/* Begin PBXFrameworksBuildPhase section */
		2C76327F19B4F2740003DCB1 /* Frameworks */ = {
			isa = PBXFrameworksBuildPhase;
			buildActionMask = 2147483647;
			files = (
			);
			runOnlyForDeploymentPostprocessing = 0;
		};
		2C76329519B4F2750003DCB1 /* Frameworks */ = {
			isa = PBXFrameworksBuildPhase;
			buildActionMask = 2147483647;
			files = (
			);
			runOnlyForDeploymentPostprocessing = 0;
		};
/* End PBXFrameworksBuildPhase section */

/* Begin PBXGroup section */
		2C76327919B4F2740003DCB1 = {
			isa = PBXGroup;
			children = (
				2C76328419B4F2740003DCB1 /* TestAutolayout */,
				2C76329B19B4F2750003DCB1 /* TestAutolayoutTests */,
				2C76328319B4F2740003DCB1 /* Products */,
			);
			sourceTree = "<group>";
		};
		2C76328319B4F2740003DCB1 /* Products */ = {
			isa = PBXGroup;
			children = (
				2C76328219B4F2740003DCB1 /* TestAutolayout.app */,
				2C76329819B4F2750003DCB1 /* TestAutolayoutTests.xctest */,
			);
			name = Products;
			sourceTree = "<group>";
		};
		2C76328419B4F2740003DCB1 /* TestAutolayout */ = {
			isa = PBXGroup;
			children = (
				2C7632A819B4F2D70003DCB1 /* dlanham-Overlord_iPhone.jpg */,
				2C76328919B4F2740003DCB1 /* AppDelegate.h */,
				2C76328A19B4F2740003DCB1 /* AppDelegate.m */,
				2C76328C19B4F2740003DCB1 /* ViewController.h */,
				2C76328D19B4F2740003DCB1 /* ViewController.m */,
				2C76328F19B4F2740003DCB1 /* Main.storyboard */,
				2C76329219B4F2740003DCB1 /* Images.xcassets */,
				2C76328519B4F2740003DCB1 /* Supporting Files */,
			);
			path = TestAutolayout;
			sourceTree = "<group>";
		};
		2C76328519B4F2740003DCB1 /* Supporting Files */ = {
			isa = PBXGroup;
			children = (
				2C76328619B4F2740003DCB1 /* Info.plist */,
				2C76328719B4F2740003DCB1 /* main.m */,
			);
			name = "Supporting Files";
			sourceTree = "<group>";
		};
		2C76329B19B4F2750003DCB1 /* TestAutolayoutTests */ = {
			isa = PBXGroup;
			children = (
				2C76329E19B4F2750003DCB1 /* TestAutolayoutTests.m */,
				2C76329C19B4F2750003DCB1 /* Supporting Files */,
			);
			path = TestAutolayoutTests;
			sourceTree = "<group>";
		};
		2C76329C19B4F2750003DCB1 /* Supporting Files */ = {
			isa = PBXGroup;
			children = (
				2C76329D19B4F2750003DCB1 /* Info.plist */,
			);
			name = "Supporting Files";
			sourceTree = "<group>";
		};
/* End PBXGroup section */

/* Begin PBXNativeTarget section */
		2C76328119B4F2740003DCB1 /* TestAutolayout */ = {
			isa = PBXNativeTarget;
			buildConfigurationList = 2C7632A219B4F2750003DCB1 /* Build configuration list for PBXNativeTarget "TestAutolayout" */;
			buildPhases = (
				2C76327E19B4F2740003DCB1 /* Sources */,
				2C76327F19B4F2740003DCB1 /* Frameworks */,
				2C76328019B4F2740003DCB1 /* Resources */,
			);
			buildRules = (
			);
			dependencies = (
			);
			name = TestAutolayout;
			productName = TestAutolayout;
			productReference = 2C76328219B4F2740003DCB1 /* TestAutolayout.app */;
			productType = "com.apple.product-type.application";
		};
		2C76329719B4F2750003DCB1 /* TestAutolayoutTests */ = {
			isa = PBXNativeTarget;
			buildConfigurationList = 2C7632A519B4F2750003DCB1 /* Build configuration list for PBXNativeTarget "TestAutolayoutTests" */;
			buildPhases = (
				2C76329419B4F2750003DCB1 /* Sources */,
				2C76329519B4F2750003DCB1 /* Frameworks */,
				2C76329619B4F2750003DCB1 /* Resources */,
			);
			buildRules = (
			);
			dependencies = (
				2C76329A19B4F2750003DCB1 /* PBXTargetDependency */,
			);
			name = TestAutolayoutTests;
			productName = TestAutolayoutTests;
			productReference = 2C76329819B4F2750003DCB1 /* TestAutolayoutTests.xctest */;
			productType = "com.apple.product-type.bundle.unit-test";
		};
/* End PBXNativeTarget section */

/* Begin PBXProject section */
		2C76327A19B4F2740003DCB1 /* Project object */ = {
			isa = PBXProject;
			attributes = {
				LastUpgradeCheck = 0600;
				ORGANIZATIONNAME = metodowhite;
				TargetAttributes = {
					2C76328119B4F2740003DCB1 = {
						CreatedOnToolsVersion = 6.0;
					};
					2C76329719B4F2750003DCB1 = {
						CreatedOnToolsVersion = 6.0;
						TestTargetID = 2C76328119B4F2740003DCB1;
					};
				};
			};
			buildConfigurationList = 2C76327D19B4F2740003DCB1 /* Build configuration list for PBXProject "TestAutolayout" */;
			compatibilityVersion = "Xcode 3.2";
			developmentRegion = English;
			hasScannedForEncodings = 0;
			knownRegions = (
				en,
				Base,
			);
			mainGroup = 2C76327919B4F2740003DCB1;
			productRefGroup = 2C76328319B4F2740003DCB1 /* Products */;
			projectDirPath = "";
			projectRoot = "";
			targets = (
				2C76328119B4F2740003DCB1 /* TestAutolayout */,
				2C76329719B4F2750003DCB1 /* TestAutolayoutTests */,
			);
		};
/* End PBXProject section */

/* Begin PBXResourcesBuildPhase section */
		2C76328019B4F2740003DCB1 /* Resources */ = {
			isa = PBXResourcesBuildPhase;
			buildActionMask = 2147483647;
			files = (
				2C76329119B4F2740003DCB1 /* Main.storyboard in Resources */,
				2C76329319B4F2740003DCB1 /* Images.xcassets in Resources */,
				2C7632A919B4F2D70003DCB1 /* dlanham-Overlord_iPhone.jpg in Resources */,
			);
			runOnlyForDeploymentPostprocessing = 0;
		};
		2C76329619B4F2750003DCB1 /* Resources */ = {
			isa = PBXResourcesBuildPhase;
			buildActionMask = 2147483647;
			files = (
			);
			runOnlyForDeploymentPostprocessing = 0;
		};
/* End PBXResourcesBuildPhase section */

/* Begin PBXSourcesBuildPhase section */
		2C76327E19B4F2740003DCB1 /* Sources */ = {
			isa = PBXSourcesBuildPhase;
			buildActionMask = 2147483647;
			files = (
				2C76328E19B4F2740003DCB1 /* ViewController.m in Sources */,
				2C76328B19B4F2740003DCB1 /* AppDelegate.m in Sources */,
				2C76328819B4F2740003DCB1 /* main.m in Sources */,
			);
			runOnlyForDeploymentPostprocessing = 0;
		};
		2C76329419B4F2750003DCB1 /* Sources */ = {
			isa = PBXSourcesBuildPhase;
			buildActionMask = 2147483647;
			files = (
				2C76329F19B4F2750003DCB1 /* TestAutolayoutTests.m in Sources */,
			);
			runOnlyForDeploymentPostprocessing = 0;
		};
/* End PBXSourcesBuildPhase section */

/* Begin PBXTargetDependency section */
		2C76329A19B4F2750003DCB1 /* PBXTargetDependency */ = {
			isa = PBXTargetDependency;
			target = 2C76328119B4F2740003DCB1 /* TestAutolayout */;
			targetProxy = 2C76329919B4F2750003DCB1 /* PBXContainerItemProxy */;
		};
/* End PBXTargetDependency section */

/* Begin PBXVariantGroup section */
		2C76328F19B4F2740003DCB1 /* Main.storyboard */ = {
			isa = PBXVariantGroup;
			children = (
				2C76329019B4F2740003DCB1 /* Base */,
			);
			name = Main.storyboard;
			sourceTree = "<group>";
		};
/* End PBXVariantGroup section */

/* Begin XCBuildConfiguration section */
		2C7632A019B4F2750003DCB1 /* Debug */ = {
			isa = XCBuildConfiguration;
			buildSettings = {
				ALWAYS_SEARCH_USER_PATHS = NO;
				CLANG_CXX_LANGUAGE_STANDARD = "gnu++0x";
				CLANG_CXX_LIBRARY = "libc++";
				CLANG_ENABLE_MODULES = YES;
				CLANG_ENABLE_OBJC_ARC = YES;
				CLANG_WARN_BOOL_CONVERSION = YES;
				CLANG_WARN_CONSTANT_CONVERSION = YES;
				CLANG_WARN_DIRECT_OBJC_ISA_USAGE = YES_ERROR;
				CLANG_WARN_EMPTY_BODY = YES;
				CLANG_WARN_ENUM_CONVERSION = YES;
				CLANG_WARN_INT_CONVERSION = YES;
				CLANG_WARN_OBJC_ROOT_CLASS = YES_ERROR;
				CLANG_WARN_UNREACHABLE_CODE = YES;
				CLANG_WARN__DUPLICATE_METHOD_MATCH = YES;
				"CODE_SIGN_IDENTITY[sdk=iphoneos*]" = "iPhone Developer";
				COPY_PHASE_STRIP = NO;
				ENABLE_STRICT_OBJC_MSGSEND = YES;
				GCC_C_LANGUAGE_STANDARD = gnu99;
				GCC_DYNAMIC_NO_PIC = NO;
				GCC_OPTIMIZATION_LEVEL = 0;
				GCC_PREPROCESSOR_DEFINITIONS = (
					"DEBUG=1",
					"$(inherited)",
				);
				GCC_SYMBOLS_PRIVATE_EXTERN = NO;
				GCC_WARN_64_TO_32_BIT_CONVERSION = YES;
				GCC_WARN_ABOUT_RETURN_TYPE = YES_ERROR;
				GCC_WARN_UNDECLARED_SELECTOR = YES;
				GCC_WARN_UNINITIALIZED_AUTOS = YES_AGGRESSIVE;
				GCC_WARN_UNUSED_FUNCTION = YES;
				GCC_WARN_UNUSED_VARIABLE = YES;
				IPHONEOS_DEPLOYMENT_TARGET = 8.0;
				MTL_ENABLE_DEBUG_INFO = YES;
				ONLY_ACTIVE_ARCH = YES;
				SDKROOT = iphoneos;
				TARGETED_DEVICE_FAMILY = "1,2";
			};
			name = Debug;
		};
		2C7632A119B4F2750003DCB1 /* Release */ = {
			isa = XCBuildConfiguration;
			buildSettings = {
				ALWAYS_SEARCH_USER_PATHS = NO;
				CLANG_CXX_LANGUAGE_STANDARD = "gnu++0x";
				CLANG_CXX_LIBRARY = "libc++";
				CLANG_ENABLE_MODULES = YES;
				CLANG_ENABLE_OBJC_ARC = YES;
				CLANG_WARN_BOOL_CONVERSION = YES;
				CLANG_WARN_CONSTANT_CONVERSION = YES;
				CLANG_WARN_DIRECT_OBJC_ISA_USAGE = YES_ERROR;
				CLANG_WARN_EMPTY_BODY = YES;
				CLANG_WARN_ENUM_CONVERSION = YES;
				CLANG_WARN_INT_CONVERSION = YES;
				CLANG_WARN_OBJC_ROOT_CLASS = YES_ERROR;
				CLANG_WARN_UNREACHABLE_CODE = YES;
				CLANG_WARN__DUPLICATE_METHOD_MATCH = YES;
				"CODE_SIGN_IDENTITY[sdk=iphoneos*]" = "iPhone Developer";
				COPY_PHASE_STRIP = YES;
				ENABLE_NS_ASSERTIONS = NO;
				ENABLE_STRICT_OBJC_MSGSEND = YES;
				GCC_C_LANGUAGE_STANDARD = gnu99;
				GCC_WARN_64_TO_32_BIT_CONVERSION = YES;
				GCC_WARN_ABOUT_RETURN_TYPE = YES_ERROR;
				GCC_WARN_UNDECLARED_SELECTOR = YES;
				GCC_WARN_UNINITIALIZED_AUTOS = YES_AGGRESSIVE;
				GCC_WARN_UNUSED_FUNCTION = YES;
				GCC_WARN_UNUSED_VARIABLE = YES;
				IPHONEOS_DEPLOYMENT_TARGET = 8.0;
				MTL_ENABLE_DEBUG_INFO = NO;
				SDKROOT = iphoneos;
				TARGETED_DEVICE_FAMILY = "1,2";
				VALIDATE_PRODUCT = YES;
			};
			name = Release;
		};
		2C7632A319B4F2750003DCB1 /* Debug */ = {
			isa = XCBuildConfiguration;
			buildSettings = {
				ASSETCATALOG_COMPILER_APPICON_NAME = AppIcon;
				ASSETCATALOG_COMPILER_LAUNCHIMAGE_NAME = LaunchImage;
				INFOPLIST_FILE = TestAutolayout/Info.plist;
				LD_RUNPATH_SEARCH_PATHS = "$(inherited) @executable_path/Frameworks";
				PRODUCT_NAME = "$(TARGET_NAME)";
			};
			name = Debug;
		};
		2C7632A419B4F2750003DCB1 /* Release */ = {
			isa = XCBuildConfiguration;
			buildSettings = {
				ASSETCATALOG_COMPILER_APPICON_NAME = AppIcon;
				ASSETCATALOG_COMPILER_LAUNCHIMAGE_NAME = LaunchImage;
				INFOPLIST_FILE = TestAutolayout/Info.plist;
				LD_RUNPATH_SEARCH_PATHS = "$(inherited) @executable_path/Frameworks";
				PRODUCT_NAME = "$(TARGET_NAME)";
			};
			name = Release;
		};
		2C7632A619B4F2750003DCB1 /* Debug */ = {
			isa = XCBuildConfiguration;
			buildSettings = {
				BUNDLE_LOADER = "$(TEST_HOST)";
				FRAMEWORK_SEARCH_PATHS = (
					"$(SDKROOT)/Developer/Library/Frameworks",
					"$(inherited)",
				);
				GCC_PREPROCESSOR_DEFINITIONS = (
					"DEBUG=1",
					"$(inherited)",
				);
				INFOPLIST_FILE = TestAutolayoutTests/Info.plist;
				LD_RUNPATH_SEARCH_PATHS = "$(inherited) @executable_path/Frameworks @loader_path/Frameworks";
				PRODUCT_NAME = "$(TARGET_NAME)";
				TEST_HOST = "$(BUILT_PRODUCTS_DIR)/TestAutolayout.app/TestAutolayout";
			};
			name = Debug;
		};
		2C7632A719B4F2750003DCB1 /* Release */ = {
			isa = XCBuildConfiguration;
			buildSettings = {
				BUNDLE_LOADER = "$(TEST_HOST)";
				FRAMEWORK_SEARCH_PATHS = (
					"$(SDKROOT)/Developer/Library/Frameworks",
					"$(inherited)",
				);
				INFOPLIST_FILE = TestAutolayoutTests/Info.plist;
				LD_RUNPATH_SEARCH_PATHS = "$(inherited) @executable_path/Frameworks @loader_path/Frameworks";
				PRODUCT_NAME = "$(TARGET_NAME)";
				TEST_HOST = "$(BUILT_PRODUCTS_DIR)/TestAutolayout.app/TestAutolayout";
			};
			name = Release;
		};
/* End XCBuildConfiguration section */

/* Begin XCConfigurationList section */
		2C76327D19B4F2740003DCB1 /* Build configuration list for PBXProject "TestAutolayout" */ = {
			isa = XCConfigurationList;
			buildConfigurations = (
				2C7632A019B4F2750003DCB1 /* Debug */,
				2C7632A119B4F2750003DCB1 /* Release */,
			);
			defaultConfigurationIsVisible = 0;
			defaultConfigurationName = Release;
		};
		2C7632A219B4F2750003DCB1 /* Build configuration list for PBXNativeTarget "TestAutolayout" */ = {
			isa = XCConfigurationList;
			buildConfigurations = (
				2C7632A319B4F2750003DCB1 /* Debug */,
				2C7632A419B4F2750003DCB1 /* Release */,
			);
			defaultConfigurationIsVisible = 0;
		};
		2C7632A519B4F2750003DCB1 /* Build configuration list for PBXNativeTarget "TestAutolayoutTests" */ = {
			isa = XCConfigurationList;
			buildConfigurations = (
				2C7632A619B4F2750003DCB1 /* Debug */,
				2C7632A719B4F2750003DCB1 /* Release */,
			);
			defaultConfigurationIsVisible = 0;
		};
/* End XCConfigurationList section */
	};
	rootObject = 2C76327A19B4F2740003DCB1 /* Project object */;
}
