// !$*UTF8*$!
{
	archiveVersion = 1;
	classes = {
	};
	objectVersion = 46;
	objects = {

/* Begin PBXBuildFile section */
		2C05B2A319C37C4B00AFAFA0 /* AppDelegate.swift in Sources */ = {isa = PBXBuildFile; fileRef = 2C05B2A219C37C4B00AFAFA0 /* AppDelegate.swift */; };
		2C05B2A519C37C4B00AFAFA0 /* ViewController.swift in Sources */ = {isa = PBXBuildFile; fileRef = 2C05B2A419C37C4B00AFAFA0 /* ViewController.swift */; };
		2C05B2A819C37C4B00AFAFA0 /* Main.storyboard in Resources */ = {isa = PBXBuildFile; fileRef = 2C05B2A619C37C4B00AFAFA0 /* Main.storyboard */; };
		2C05B2AA19C37C4B00AFAFA0 /* Images.xcassets in Resources */ = {isa = PBXBuildFile; fileRef = 2C05B2A919C37C4B00AFAFA0 /* Images.xcassets */; };
		2C05B2AD19C37C4B00AFAFA0 /* LaunchScreen.xib in Resources */ = {isa = PBXBuildFile; fileRef = 2C05B2AB19C37C4B00AFAFA0 /* LaunchScreen.xib */; };
		2C05B2B919C37C4B00AFAFA0 /* PrototypingAnimationsSwiftTests.swift in Sources */ = {isa = PBXBuildFile; fileRef = 2C05B2B819C37C4B00AFAFA0 /* PrototypingAnimationsSwiftTests.swift */; };
/* End PBXBuildFile section */

/* Begin PBXContainerItemProxy section */
		2C05B2B319C37C4B00AFAFA0 /* PBXContainerItemProxy */ = {
			isa = PBXContainerItemProxy;
			containerPortal = 2C05B29519C37C4B00AFAFA0 /* Project object */;
			proxyType = 1;
			remoteGlobalIDString = 2C05B29C19C37C4B00AFAFA0;
			remoteInfo = PrototypingAnimationsSwift;
		};
/* End PBXContainerItemProxy section */

/* Begin PBXFileReference section */
		2C05B29D19C37C4B00AFAFA0 /* PrototypingAnimationsSwift.app */ = {isa = PBXFileReference; explicitFileType = wrapper.application; includeInIndex = 0; path = PrototypingAnimationsSwift.app; sourceTree = BUILT_PRODUCTS_DIR; };
		2C05B2A119C37C4B00AFAFA0 /* Info.plist */ = {isa = PBXFileReference; lastKnownFileType = text.plist.xml; path = Info.plist; sourceTree = "<group>"; };
		2C05B2A219C37C4B00AFAFA0 /* AppDelegate.swift */ = {isa = PBXFileReference; lastKnownFileType = sourcecode.swift; path = AppDelegate.swift; sourceTree = "<group>"; };
		2C05B2A419C37C4B00AFAFA0 /* ViewController.swift */ = {isa = PBXFileReference; lastKnownFileType = sourcecode.swift; path = ViewController.swift; sourceTree = "<group>"; };
		2C05B2A719C37C4B00AFAFA0 /* Base */ = {isa = PBXFileReference; lastKnownFileType = file.storyboard; name = Base; path = Base.lproj/Main.storyboard; sourceTree = "<group>"; };
		2C05B2A919C37C4B00AFAFA0 /* Images.xcassets */ = {isa = PBXFileReference; lastKnownFileType = folder.assetcatalog; path = Images.xcassets; sourceTree = "<group>"; };
		2C05B2AC19C37C4B00AFAFA0 /* Base */ = {isa = PBXFileReference; lastKnownFileType = file.xib; name = Base; path = Base.lproj/LaunchScreen.xib; sourceTree = "<group>"; };
		2C05B2B219C37C4B00AFAFA0 /* PrototypingAnimationsSwiftTests.xctest */ = {isa = PBXFileReference; explicitFileType = wrapper.cfbundle; includeInIndex = 0; path = PrototypingAnimationsSwiftTests.xctest; sourceTree = BUILT_PRODUCTS_DIR; };
		2C05B2B719C37C4B00AFAFA0 /* Info.plist */ = {isa = PBXFileReference; lastKnownFileType = text.plist.xml; path = Info.plist; sourceTree = "<group>"; };
		2C05B2B819C37C4B00AFAFA0 /* PrototypingAnimationsSwiftTests.swift */ = {isa = PBXFileReference; lastKnownFileType = sourcecode.swift; path = PrototypingAnimationsSwiftTests.swift; sourceTree = "<group>"; };
/* End PBXFileReference section */

/* Begin PBXFrameworksBuildPhase section */
		2C05B29A19C37C4B00AFAFA0 /* Frameworks */ = {
			isa = PBXFrameworksBuildPhase;
			buildActionMask = 2147483647;
			files = (
			);
			runOnlyForDeploymentPostprocessing = 0;
		};
		2C05B2AF19C37C4B00AFAFA0 /* Frameworks */ = {
			isa = PBXFrameworksBuildPhase;
			buildActionMask = 2147483647;
			files = (
			);
			runOnlyForDeploymentPostprocessing = 0;
		};
/* End PBXFrameworksBuildPhase section */

/* Begin PBXGroup section */
		2C05B29419C37C4B00AFAFA0 = {
			isa = PBXGroup;
			children = (
				2C05B29F19C37C4B00AFAFA0 /* PrototypingAnimationsSwift */,
				2C05B2B519C37C4B00AFAFA0 /* PrototypingAnimationsSwiftTests */,
				2C05B29E19C37C4B00AFAFA0 /* Products */,
			);
			sourceTree = "<group>";
		};
		2C05B29E19C37C4B00AFAFA0 /* Products */ = {
			isa = PBXGroup;
			children = (
				2C05B29D19C37C4B00AFAFA0 /* PrototypingAnimationsSwift.app */,
				2C05B2B219C37C4B00AFAFA0 /* PrototypingAnimationsSwiftTests.xctest */,
			);
			name = Products;
			sourceTree = "<group>";
		};
		2C05B29F19C37C4B00AFAFA0 /* PrototypingAnimationsSwift */ = {
			isa = PBXGroup;
			children = (
				2C05B2A219C37C4B00AFAFA0 /* AppDelegate.swift */,
				2C05B2A419C37C4B00AFAFA0 /* ViewController.swift */,
				2C05B2A619C37C4B00AFAFA0 /* Main.storyboard */,
				2C05B2A919C37C4B00AFAFA0 /* Images.xcassets */,
				2C05B2AB19C37C4B00AFAFA0 /* LaunchScreen.xib */,
				2C05B2A019C37C4B00AFAFA0 /* Supporting Files */,
			);
			path = PrototypingAnimationsSwift;
			sourceTree = "<group>";
		};
		2C05B2A019C37C4B00AFAFA0 /* Supporting Files */ = {
			isa = PBXGroup;
			children = (
				2C05B2A119C37C4B00AFAFA0 /* Info.plist */,
			);
			name = "Supporting Files";
			sourceTree = "<group>";
		};
		2C05B2B519C37C4B00AFAFA0 /* PrototypingAnimationsSwiftTests */ = {
			isa = PBXGroup;
			children = (
				2C05B2B819C37C4B00AFAFA0 /* PrototypingAnimationsSwiftTests.swift */,
				2C05B2B619C37C4B00AFAFA0 /* Supporting Files */,
			);
			path = PrototypingAnimationsSwiftTests;
			sourceTree = "<group>";
		};
		2C05B2B619C37C4B00AFAFA0 /* Supporting Files */ = {
			isa = PBXGroup;
			children = (
				2C05B2B719C37C4B00AFAFA0 /* Info.plist */,
			);
			name = "Supporting Files";
			sourceTree = "<group>";
		};
/* End PBXGroup section */

/* Begin PBXNativeTarget section */
		2C05B29C19C37C4B00AFAFA0 /* PrototypingAnimationsSwift */ = {
			isa = PBXNativeTarget;
			buildConfigurationList = 2C05B2BC19C37C4B00AFAFA0 /* Build configuration list for PBXNativeTarget "PrototypingAnimationsSwift" */;
			buildPhases = (
				2C05B29919C37C4B00AFAFA0 /* Sources */,
				2C05B29A19C37C4B00AFAFA0 /* Frameworks */,
				2C05B29B19C37C4B00AFAFA0 /* Resources */,
			);
			buildRules = (
			);
			dependencies = (
			);
			name = PrototypingAnimationsSwift;
			productName = PrototypingAnimationsSwift;
			productReference = 2C05B29D19C37C4B00AFAFA0 /* PrototypingAnimationsSwift.app */;
			productType = "com.apple.product-type.application";
		};
		2C05B2B119C37C4B00AFAFA0 /* PrototypingAnimationsSwiftTests */ = {
			isa = PBXNativeTarget;
			buildConfigurationList = 2C05B2BF19C37C4B00AFAFA0 /* Build configuration list for PBXNativeTarget "PrototypingAnimationsSwiftTests" */;
			buildPhases = (
				2C05B2AE19C37C4B00AFAFA0 /* Sources */,
				2C05B2AF19C37C4B00AFAFA0 /* Frameworks */,
				2C05B2B019C37C4B00AFAFA0 /* Resources */,
			);
			buildRules = (
			);
			dependencies = (
				2C05B2B419C37C4B00AFAFA0 /* PBXTargetDependency */,
			);
			name = PrototypingAnimationsSwiftTests;
			productName = PrototypingAnimationsSwiftTests;
			productReference = 2C05B2B219C37C4B00AFAFA0 /* PrototypingAnimationsSwiftTests.xctest */;
			productType = "com.apple.product-type.bundle.unit-test";
		};
/* End PBXNativeTarget section */

/* Begin PBXProject section */
		2C05B29519C37C4B00AFAFA0 /* Project object */ = {
			isa = PBXProject;
			attributes = {
				LastUpgradeCheck = 0600;
				ORGANIZATIONNAME = metodowhite;
				TargetAttributes = {
					2C05B29C19C37C4B00AFAFA0 = {
						CreatedOnToolsVersion = 6.0;
					};
					2C05B2B119C37C4B00AFAFA0 = {
						CreatedOnToolsVersion = 6.0;
						TestTargetID = 2C05B29C19C37C4B00AFAFA0;
					};
				};
			};
			buildConfigurationList = 2C05B29819C37C4B00AFAFA0 /* Build configuration list for PBXProject "PrototypingAnimationsSwift" */;
			compatibilityVersion = "Xcode 3.2";
			developmentRegion = English;
			hasScannedForEncodings = 0;
			knownRegions = (
				en,
				Base,
			);
			mainGroup = 2C05B29419C37C4B00AFAFA0;
			productRefGroup = 2C05B29E19C37C4B00AFAFA0 /* Products */;
			projectDirPath = "";
			projectRoot = "";
			targets = (
				2C05B29C19C37C4B00AFAFA0 /* PrototypingAnimationsSwift */,
				2C05B2B119C37C4B00AFAFA0 /* PrototypingAnimationsSwiftTests */,
			);
		};
/* End PBXProject section */

/* Begin PBXResourcesBuildPhase section */
		2C05B29B19C37C4B00AFAFA0 /* Resources */ = {
			isa = PBXResourcesBuildPhase;
			buildActionMask = 2147483647;
			files = (
				2C05B2A819C37C4B00AFAFA0 /* Main.storyboard in Resources */,
				2C05B2AD19C37C4B00AFAFA0 /* LaunchScreen.xib in Resources */,
				2C05B2AA19C37C4B00AFAFA0 /* Images.xcassets in Resources */,
			);
			runOnlyForDeploymentPostprocessing = 0;
		};
		2C05B2B019C37C4B00AFAFA0 /* Resources */ = {
			isa = PBXResourcesBuildPhase;
			buildActionMask = 2147483647;
			files = (
			);
			runOnlyForDeploymentPostprocessing = 0;
		};
/* End PBXResourcesBuildPhase section */

/* Begin PBXSourcesBuildPhase section */
		2C05B29919C37C4B00AFAFA0 /* Sources */ = {
			isa = PBXSourcesBuildPhase;
			buildActionMask = 2147483647;
			files = (
				2C05B2A519C37C4B00AFAFA0 /* ViewController.swift in Sources */,
				2C05B2A319C37C4B00AFAFA0 /* AppDelegate.swift in Sources */,
			);
			runOnlyForDeploymentPostprocessing = 0;
		};
		2C05B2AE19C37C4B00AFAFA0 /* Sources */ = {
			isa = PBXSourcesBuildPhase;
			buildActionMask = 2147483647;
			files = (
				2C05B2B919C37C4B00AFAFA0 /* PrototypingAnimationsSwiftTests.swift in Sources */,
			);
			runOnlyForDeploymentPostprocessing = 0;
		};
/* End PBXSourcesBuildPhase section */

/* Begin PBXTargetDependency section */
		2C05B2B419C37C4B00AFAFA0 /* PBXTargetDependency */ = {
			isa = PBXTargetDependency;
			target = 2C05B29C19C37C4B00AFAFA0 /* PrototypingAnimationsSwift */;
			targetProxy = 2C05B2B319C37C4B00AFAFA0 /* PBXContainerItemProxy */;
		};
/* End PBXTargetDependency section */

/* Begin PBXVariantGroup section */
		2C05B2A619C37C4B00AFAFA0 /* Main.storyboard */ = {
			isa = PBXVariantGroup;
			children = (
				2C05B2A719C37C4B00AFAFA0 /* Base */,
			);
			name = Main.storyboard;
			sourceTree = "<group>";
		};
		2C05B2AB19C37C4B00AFAFA0 /* LaunchScreen.xib */ = {
			isa = PBXVariantGroup;
			children = (
				2C05B2AC19C37C4B00AFAFA0 /* Base */,
			);
			name = LaunchScreen.xib;
			sourceTree = "<group>";
		};
/* End PBXVariantGroup section */

/* Begin XCBuildConfiguration section */
		2C05B2BA19C37C4B00AFAFA0 /* Debug */ = {
			isa = XCBuildConfiguration;
			buildSettings = {
				ALWAYS_SEARCH_USER_PATHS = NO;
				CLANG_CXX_LANGUAGE_STANDARD = "gnu++0x";
				CLANG_CXX_LIBRARY = "libc++";
				CLANG_ENABLE_MODULES = YES;
				CLANG_ENABLE_OBJC_ARC = YES;
				CLANG_WARN_BOOL_CONVERSION = YES;
				CLANG_WARN_CONSTANT_CONVERSION = YES;
				CLANG_WARN_DIRECT_OBJC_ISA_USAGE = YES_ERROR;
				CLANG_WARN_EMPTY_BODY = YES;
				CLANG_WARN_ENUM_CONVERSION = YES;
				CLANG_WARN_INT_CONVERSION = YES;
				CLANG_WARN_OBJC_ROOT_CLASS = YES_ERROR;
				CLANG_WARN_UNREACHABLE_CODE = YES;
				CLANG_WARN__DUPLICATE_METHOD_MATCH = YES;
				"CODE_SIGN_IDENTITY[sdk=iphoneos*]" = "iPhone Developer";
				COPY_PHASE_STRIP = NO;
				ENABLE_STRICT_OBJC_MSGSEND = YES;
				GCC_C_LANGUAGE_STANDARD = gnu99;
				GCC_DYNAMIC_NO_PIC = NO;
				GCC_OPTIMIZATION_LEVEL = 0;
				GCC_PREPROCESSOR_DEFINITIONS = (
					"DEBUG=1",
					"$(inherited)",
				);
				GCC_SYMBOLS_PRIVATE_EXTERN = NO;
				GCC_WARN_64_TO_32_BIT_CONVERSION = YES;
				GCC_WARN_ABOUT_RETURN_TYPE = YES_ERROR;
				GCC_WARN_UNDECLARED_SELECTOR = YES;
				GCC_WARN_UNINITIALIZED_AUTOS = YES_AGGRESSIVE;
				GCC_WARN_UNUSED_FUNCTION = YES;
				GCC_WARN_UNUSED_VARIABLE = YES;
				IPHONEOS_DEPLOYMENT_TARGET = 8.0;
				MTL_ENABLE_DEBUG_INFO = YES;
				ONLY_ACTIVE_ARCH = YES;
				SDKROOT = iphoneos;
				SWIFT_OPTIMIZATION_LEVEL = "-Onone";
			};
			name = Debug;
		};
		2C05B2BB19C37C4B00AFAFA0 /* Release */ = {
			isa = XCBuildConfiguration;
			buildSettings = {
				ALWAYS_SEARCH_USER_PATHS = NO;
				CLANG_CXX_LANGUAGE_STANDARD = "gnu++0x";
				CLANG_CXX_LIBRARY = "libc++";
				CLANG_ENABLE_MODULES = YES;
				CLANG_ENABLE_OBJC_ARC = YES;
				CLANG_WARN_BOOL_CONVERSION = YES;
				CLANG_WARN_CONSTANT_CONVERSION = YES;
				CLANG_WARN_DIRECT_OBJC_ISA_USAGE = YES_ERROR;
				CLANG_WARN_EMPTY_BODY = YES;
				CLANG_WARN_ENUM_CONVERSION = YES;
				CLANG_WARN_INT_CONVERSION = YES;
				CLANG_WARN_OBJC_ROOT_CLASS = YES_ERROR;
				CLANG_WARN_UNREACHABLE_CODE = YES;
				CLANG_WARN__DUPLICATE_METHOD_MATCH = YES;
				"CODE_SIGN_IDENTITY[sdk=iphoneos*]" = "iPhone Developer";
				COPY_PHASE_STRIP = YES;
				ENABLE_NS_ASSERTIONS = NO;
				ENABLE_STRICT_OBJC_MSGSEND = YES;
				GCC_C_LANGUAGE_STANDARD = gnu99;
				GCC_WARN_64_TO_32_BIT_CONVERSION = YES;
				GCC_WARN_ABOUT_RETURN_TYPE = YES_ERROR;
				GCC_WARN_UNDECLARED_SELECTOR = YES;
				GCC_WARN_UNINITIALIZED_AUTOS = YES_AGGRESSIVE;
				GCC_WARN_UNUSED_FUNCTION = YES;
				GCC_WARN_UNUSED_VARIABLE = YES;
				IPHONEOS_DEPLOYMENT_TARGET = 8.0;
				MTL_ENABLE_DEBUG_INFO = NO;
				SDKROOT = iphoneos;
				VALIDATE_PRODUCT = YES;
			};
			name = Release;
		};
		2C05B2BD19C37C4B00AFAFA0 /* Debug */ = {
			isa = XCBuildConfiguration;
			buildSettings = {
				ASSETCATALOG_COMPILER_APPICON_NAME = AppIcon;
				INFOPLIST_FILE = PrototypingAnimationsSwift/Info.plist;
				LD_RUNPATH_SEARCH_PATHS = "$(inherited) @executable_path/Frameworks";
				PRODUCT_NAME = "$(TARGET_NAME)";
			};
			name = Debug;
		};
		2C05B2BE19C37C4B00AFAFA0 /* Release */ = {
			isa = XCBuildConfiguration;
			buildSettings = {
				ASSETCATALOG_COMPILER_APPICON_NAME = AppIcon;
				INFOPLIST_FILE = PrototypingAnimationsSwift/Info.plist;
				LD_RUNPATH_SEARCH_PATHS = "$(inherited) @executable_path/Frameworks";
				PRODUCT_NAME = "$(TARGET_NAME)";
			};
			name = Release;
		};
		2C05B2C019C37C4B00AFAFA0 /* Debug */ = {
			isa = XCBuildConfiguration;
			buildSettings = {
				BUNDLE_LOADER = "$(TEST_HOST)";
				FRAMEWORK_SEARCH_PATHS = (
					"$(SDKROOT)/Developer/Library/Frameworks",
					"$(inherited)",
				);
				GCC_PREPROCESSOR_DEFINITIONS = (
					"DEBUG=1",
					"$(inherited)",
				);
				INFOPLIST_FILE = PrototypingAnimationsSwiftTests/Info.plist;
				LD_RUNPATH_SEARCH_PATHS = "$(inherited) @executable_path/Frameworks @loader_path/Frameworks";
				PRODUCT_NAME = "$(TARGET_NAME)";
				TEST_HOST = "$(BUILT_PRODUCTS_DIR)/PrototypingAnimationsSwift.app/PrototypingAnimationsSwift";
			};
			name = Debug;
		};
		2C05B2C119C37C4B00AFAFA0 /* Release */ = {
			isa = XCBuildConfiguration;
			buildSettings = {
				BUNDLE_LOADER = "$(TEST_HOST)";
				FRAMEWORK_SEARCH_PATHS = (
					"$(SDKROOT)/Developer/Library/Frameworks",
					"$(inherited)",
				);
				INFOPLIST_FILE = PrototypingAnimationsSwiftTests/Info.plist;
				LD_RUNPATH_SEARCH_PATHS = "$(inherited) @executable_path/Frameworks @loader_path/Frameworks";
				PRODUCT_NAME = "$(TARGET_NAME)";
				TEST_HOST = "$(BUILT_PRODUCTS_DIR)/PrototypingAnimationsSwift.app/PrototypingAnimationsSwift";
			};
			name = Release;
		};
/* End XCBuildConfiguration section */

/* Begin XCConfigurationList section */
		2C05B29819C37C4B00AFAFA0 /* Build configuration list for PBXProject "PrototypingAnimationsSwift" */ = {
			isa = XCConfigurationList;
			buildConfigurations = (
				2C05B2BA19C37C4B00AFAFA0 /* Debug */,
				2C05B2BB19C37C4B00AFAFA0 /* Release */,
			);
			defaultConfigurationIsVisible = 0;
			defaultConfigurationName = Release;
		};
		2C05B2BC19C37C4B00AFAFA0 /* Build configuration list for PBXNativeTarget "PrototypingAnimationsSwift" */ = {
			isa = XCConfigurationList;
			buildConfigurations = (
				2C05B2BD19C37C4B00AFAFA0 /* Debug */,
				2C05B2BE19C37C4B00AFAFA0 /* Release */,
			);
			defaultConfigurationIsVisible = 0;
		};
		2C05B2BF19C37C4B00AFAFA0 /* Build configuration list for PBXNativeTarget "PrototypingAnimationsSwiftTests" */ = {
			isa = XCConfigurationList;
			buildConfigurations = (
				2C05B2C019C37C4B00AFAFA0 /* Debug */,
				2C05B2C119C37C4B00AFAFA0 /* Release */,
			);
			defaultConfigurationIsVisible = 0;
		};
/* End XCConfigurationList section */
	};
	rootObject = 2C05B29519C37C4B00AFAFA0 /* Project object */;
}
