// !$*UTF8*$!
{
	archiveVersion = 1;
	classes = {
	};
	objectVersion = 46;
	objects = {

/* Begin PBXBuildFile section */
		2C5F7C7C1980435500EFBD33 /* main.m in Sources */ = {isa = PBXBuildFile; fileRef = 2C5F7C7B1980435500EFBD33 /* main.m */; };
		2C5F7C7F1980435500EFBD33 /* AppDelegate.m in Sources */ = {isa = PBXBuildFile; fileRef = 2C5F7C7E1980435500EFBD33 /* AppDelegate.m */; };
		2C5F7C821980435500EFBD33 /* ViewController.m in Sources */ = {isa = PBXBuildFile; fileRef = 2C5F7C811980435500EFBD33 /* ViewController.m */; };
		2C5F7C871980435500EFBD33 /* Images.xcassets in Resources */ = {isa = PBXBuildFile; fileRef = 2C5F7C861980435500EFBD33 /* Images.xcassets */; };
		2C5F7C931980435500EFBD33 /* ColorBoardTests.m in Sources */ = {isa = PBXBuildFile; fileRef = 2C5F7C921980435500EFBD33 /* ColorBoardTests.m */; };
		2C5F7C9D198043E900EFBD33 /* Main.storyboard in Resources */ = {isa = PBXBuildFile; fileRef = 2C5F7C9C198043E900EFBD33 /* Main.storyboard */; };
		2C5F7CA0198048C200EFBD33 /* ColorViewController.m in Sources */ = {isa = PBXBuildFile; fileRef = 2C5F7C9F198048C200EFBD33 /* ColorViewController.m */; };
		2C79D7921982DF2700D4CEF2 /* PaletteTableViewController.m in Sources */ = {isa = PBXBuildFile; fileRef = 2C79D7911982DF2700D4CEF2 /* PaletteTableViewController.m */; };
		2C79D7951982E6E700D4CEF2 /* ColorDescription.m in Sources */ = {isa = PBXBuildFile; fileRef = 2C79D7941982E6E700D4CEF2 /* ColorDescription.m */; };
/* End PBXBuildFile section */

/* Begin PBXContainerItemProxy section */
		2C5F7C8D1980435500EFBD33 /* PBXContainerItemProxy */ = {
			isa = PBXContainerItemProxy;
			containerPortal = 2C5F7C6E1980435500EFBD33 /* Project object */;
			proxyType = 1;
			remoteGlobalIDString = 2C5F7C751980435500EFBD33;
			remoteInfo = ColorBoard;
		};
/* End PBXContainerItemProxy section */

/* Begin PBXFileReference section */
		2C5F7C761980435500EFBD33 /* ColorBoard.app */ = {isa = PBXFileReference; explicitFileType = wrapper.application; includeInIndex = 0; path = ColorBoard.app; sourceTree = BUILT_PRODUCTS_DIR; };
		2C5F7C7A1980435500EFBD33 /* Info.plist */ = {isa = PBXFileReference; lastKnownFileType = text.plist.xml; path = Info.plist; sourceTree = "<group>"; };
		2C5F7C7B1980435500EFBD33 /* main.m */ = {isa = PBXFileReference; lastKnownFileType = sourcecode.c.objc; path = main.m; sourceTree = "<group>"; };
		2C5F7C7D1980435500EFBD33 /* AppDelegate.h */ = {isa = PBXFileReference; lastKnownFileType = sourcecode.c.h; path = AppDelegate.h; sourceTree = "<group>"; };
		2C5F7C7E1980435500EFBD33 /* AppDelegate.m */ = {isa = PBXFileReference; lastKnownFileType = sourcecode.c.objc; path = AppDelegate.m; sourceTree = "<group>"; };
		2C5F7C801980435500EFBD33 /* ViewController.h */ = {isa = PBXFileReference; lastKnownFileType = sourcecode.c.h; path = ViewController.h; sourceTree = "<group>"; };
		2C5F7C811980435500EFBD33 /* ViewController.m */ = {isa = PBXFileReference; lastKnownFileType = sourcecode.c.objc; path = ViewController.m; sourceTree = "<group>"; };
		2C5F7C861980435500EFBD33 /* Images.xcassets */ = {isa = PBXFileReference; lastKnownFileType = folder.assetcatalog; path = Images.xcassets; sourceTree = "<group>"; };
		2C5F7C8C1980435500EFBD33 /* ColorBoardTests.xctest */ = {isa = PBXFileReference; explicitFileType = wrapper.cfbundle; includeInIndex = 0; path = ColorBoardTests.xctest; sourceTree = BUILT_PRODUCTS_DIR; };
		2C5F7C911980435500EFBD33 /* Info.plist */ = {isa = PBXFileReference; lastKnownFileType = text.plist.xml; path = Info.plist; sourceTree = "<group>"; };
		2C5F7C921980435500EFBD33 /* ColorBoardTests.m */ = {isa = PBXFileReference; lastKnownFileType = sourcecode.c.objc; path = ColorBoardTests.m; sourceTree = "<group>"; };
		2C5F7C9C198043E900EFBD33 /* Main.storyboard */ = {isa = PBXFileReference; fileEncoding = 4; lastKnownFileType = file.storyboard; path = Main.storyboard; sourceTree = "<group>"; };
		2C5F7C9E198048C200EFBD33 /* ColorViewController.h */ = {isa = PBXFileReference; fileEncoding = 4; lastKnownFileType = sourcecode.c.h; path = ColorViewController.h; sourceTree = "<group>"; };
		2C5F7C9F198048C200EFBD33 /* ColorViewController.m */ = {isa = PBXFileReference; fileEncoding = 4; lastKnownFileType = sourcecode.c.objc; path = ColorViewController.m; sourceTree = "<group>"; };
		2C79D7901982DF2700D4CEF2 /* PaletteTableViewController.h */ = {isa = PBXFileReference; fileEncoding = 4; lastKnownFileType = sourcecode.c.h; path = PaletteTableViewController.h; sourceTree = "<group>"; };
		2C79D7911982DF2700D4CEF2 /* PaletteTableViewController.m */ = {isa = PBXFileReference; fileEncoding = 4; lastKnownFileType = sourcecode.c.objc; path = PaletteTableViewController.m; sourceTree = "<group>"; };
		2C79D7931982E6E700D4CEF2 /* ColorDescription.h */ = {isa = PBXFileReference; fileEncoding = 4; lastKnownFileType = sourcecode.c.h; path = ColorDescription.h; sourceTree = "<group>"; };
		2C79D7941982E6E700D4CEF2 /* ColorDescription.m */ = {isa = PBXFileReference; fileEncoding = 4; lastKnownFileType = sourcecode.c.objc; path = ColorDescription.m; sourceTree = "<group>"; };
/* End PBXFileReference section */

/* Begin PBXFrameworksBuildPhase section */
		2C5F7C731980435500EFBD33 /* Frameworks */ = {
			isa = PBXFrameworksBuildPhase;
			buildActionMask = 2147483647;
			files = (
			);
			runOnlyForDeploymentPostprocessing = 0;
		};
		2C5F7C891980435500EFBD33 /* Frameworks */ = {
			isa = PBXFrameworksBuildPhase;
			buildActionMask = 2147483647;
			files = (
			);
			runOnlyForDeploymentPostprocessing = 0;
		};
/* End PBXFrameworksBuildPhase section */

/* Begin PBXGroup section */
		2C5F7C6D1980435500EFBD33 = {
			isa = PBXGroup;
			children = (
				2C5F7C781980435500EFBD33 /* ColorBoard */,
				2C5F7C8F1980435500EFBD33 /* ColorBoardTests */,
				2C5F7C771980435500EFBD33 /* Products */,
			);
			sourceTree = "<group>";
		};
		2C5F7C771980435500EFBD33 /* Products */ = {
			isa = PBXGroup;
			children = (
				2C5F7C761980435500EFBD33 /* ColorBoard.app */,
				2C5F7C8C1980435500EFBD33 /* ColorBoardTests.xctest */,
			);
			name = Products;
			sourceTree = "<group>";
		};
		2C5F7C781980435500EFBD33 /* ColorBoard */ = {
			isa = PBXGroup;
			children = (
				2C5F7C7D1980435500EFBD33 /* AppDelegate.h */,
				2C5F7C7E1980435500EFBD33 /* AppDelegate.m */,
				2C5F7C9E198048C200EFBD33 /* ColorViewController.h */,
				2C5F7C9F198048C200EFBD33 /* ColorViewController.m */,
				2C5F7C861980435500EFBD33 /* Images.xcassets */,
				2C5F7C9C198043E900EFBD33 /* Main.storyboard */,
				2C5F7C791980435500EFBD33 /* Supporting Files */,
				2C5F7C801980435500EFBD33 /* ViewController.h */,
				2C5F7C811980435500EFBD33 /* ViewController.m */,
				2C79D7901982DF2700D4CEF2 /* PaletteTableViewController.h */,
				2C79D7911982DF2700D4CEF2 /* PaletteTableViewController.m */,
				2C79D7931982E6E700D4CEF2 /* ColorDescription.h */,
				2C79D7941982E6E700D4CEF2 /* ColorDescription.m */,
			);
			path = ColorBoard;
			sourceTree = "<group>";
		};
		2C5F7C791980435500EFBD33 /* Supporting Files */ = {
			isa = PBXGroup;
			children = (
				2C5F7C7A1980435500EFBD33 /* Info.plist */,
				2C5F7C7B1980435500EFBD33 /* main.m */,
			);
			name = "Supporting Files";
			sourceTree = "<group>";
		};
		2C5F7C8F1980435500EFBD33 /* ColorBoardTests */ = {
			isa = PBXGroup;
			children = (
				2C5F7C921980435500EFBD33 /* ColorBoardTests.m */,
				2C5F7C901980435500EFBD33 /* Supporting Files */,
			);
			path = ColorBoardTests;
			sourceTree = "<group>";
		};
		2C5F7C901980435500EFBD33 /* Supporting Files */ = {
			isa = PBXGroup;
			children = (
				2C5F7C911980435500EFBD33 /* Info.plist */,
			);
			name = "Supporting Files";
			sourceTree = "<group>";
		};
/* End PBXGroup section */

/* Begin PBXNativeTarget section */
		2C5F7C751980435500EFBD33 /* ColorBoard */ = {
			isa = PBXNativeTarget;
			buildConfigurationList = 2C5F7C961980435500EFBD33 /* Build configuration list for PBXNativeTarget "ColorBoard" */;
			buildPhases = (
				2C5F7C721980435500EFBD33 /* Sources */,
				2C5F7C731980435500EFBD33 /* Frameworks */,
				2C5F7C741980435500EFBD33 /* Resources */,
			);
			buildRules = (
			);
			dependencies = (
			);
			name = ColorBoard;
			productName = ColorBoard;
			productReference = 2C5F7C761980435500EFBD33 /* ColorBoard.app */;
			productType = "com.apple.product-type.application";
		};
		2C5F7C8B1980435500EFBD33 /* ColorBoardTests */ = {
			isa = PBXNativeTarget;
			buildConfigurationList = 2C5F7C991980435500EFBD33 /* Build configuration list for PBXNativeTarget "ColorBoardTests" */;
			buildPhases = (
				2C5F7C881980435500EFBD33 /* Sources */,
				2C5F7C891980435500EFBD33 /* Frameworks */,
				2C5F7C8A1980435500EFBD33 /* Resources */,
			);
			buildRules = (
			);
			dependencies = (
				2C5F7C8E1980435500EFBD33 /* PBXTargetDependency */,
			);
			name = ColorBoardTests;
			productName = ColorBoardTests;
			productReference = 2C5F7C8C1980435500EFBD33 /* ColorBoardTests.xctest */;
			productType = "com.apple.product-type.bundle.unit-test";
		};
/* End PBXNativeTarget section */

/* Begin PBXProject section */
		2C5F7C6E1980435500EFBD33 /* Project object */ = {
			isa = PBXProject;
			attributes = {
				LastUpgradeCheck = 0600;
				ORGANIZATIONNAME = metodowhite;
				TargetAttributes = {
					2C5F7C751980435500EFBD33 = {
						CreatedOnToolsVersion = 6.0;
					};
					2C5F7C8B1980435500EFBD33 = {
						CreatedOnToolsVersion = 6.0;
						TestTargetID = 2C5F7C751980435500EFBD33;
					};
				};
			};
			buildConfigurationList = 2C5F7C711980435500EFBD33 /* Build configuration list for PBXProject "ColorBoard" */;
			compatibilityVersion = "Xcode 3.2";
			developmentRegion = English;
			hasScannedForEncodings = 0;
			knownRegions = (
				en,
				Base,
			);
			mainGroup = 2C5F7C6D1980435500EFBD33;
			productRefGroup = 2C5F7C771980435500EFBD33 /* Products */;
			projectDirPath = "";
			projectRoot = "";
			targets = (
				2C5F7C751980435500EFBD33 /* ColorBoard */,
				2C5F7C8B1980435500EFBD33 /* ColorBoardTests */,
			);
		};
/* End PBXProject section */

/* Begin PBXResourcesBuildPhase section */
		2C5F7C741980435500EFBD33 /* Resources */ = {
			isa = PBXResourcesBuildPhase;
			buildActionMask = 2147483647;
			files = (
				2C5F7C871980435500EFBD33 /* Images.xcassets in Resources */,
				2C5F7C9D198043E900EFBD33 /* Main.storyboard in Resources */,
			);
			runOnlyForDeploymentPostprocessing = 0;
		};
		2C5F7C8A1980435500EFBD33 /* Resources */ = {
			isa = PBXResourcesBuildPhase;
			buildActionMask = 2147483647;
			files = (
			);
			runOnlyForDeploymentPostprocessing = 0;
		};
/* End PBXResourcesBuildPhase section */

/* Begin PBXSourcesBuildPhase section */
		2C5F7C721980435500EFBD33 /* Sources */ = {
			isa = PBXSourcesBuildPhase;
			buildActionMask = 2147483647;
			files = (
				2C5F7C821980435500EFBD33 /* ViewController.m in Sources */,
				2C5F7C7F1980435500EFBD33 /* AppDelegate.m in Sources */,
				2C5F7CA0198048C200EFBD33 /* ColorViewController.m in Sources */,
				2C79D7921982DF2700D4CEF2 /* PaletteTableViewController.m in Sources */,
				2C79D7951982E6E700D4CEF2 /* ColorDescription.m in Sources */,
				2C5F7C7C1980435500EFBD33 /* main.m in Sources */,
			);
			runOnlyForDeploymentPostprocessing = 0;
		};
		2C5F7C881980435500EFBD33 /* Sources */ = {
			isa = PBXSourcesBuildPhase;
			buildActionMask = 2147483647;
			files = (
				2C5F7C931980435500EFBD33 /* ColorBoardTests.m in Sources */,
			);
			runOnlyForDeploymentPostprocessing = 0;
		};
/* End PBXSourcesBuildPhase section */

/* Begin PBXTargetDependency section */
		2C5F7C8E1980435500EFBD33 /* PBXTargetDependency */ = {
			isa = PBXTargetDependency;
			target = 2C5F7C751980435500EFBD33 /* ColorBoard */;
			targetProxy = 2C5F7C8D1980435500EFBD33 /* PBXContainerItemProxy */;
		};
/* End PBXTargetDependency section */

/* Begin XCBuildConfiguration section */
		2C5F7C941980435500EFBD33 /* Debug */ = {
			isa = XCBuildConfiguration;
			buildSettings = {
				ALWAYS_SEARCH_USER_PATHS = NO;
				CLANG_CXX_LANGUAGE_STANDARD = "gnu++0x";
				CLANG_CXX_LIBRARY = "libc++";
				CLANG_ENABLE_MODULES = YES;
				CLANG_ENABLE_OBJC_ARC = YES;
				CLANG_WARN_BOOL_CONVERSION = YES;
				CLANG_WARN_CONSTANT_CONVERSION = YES;
				CLANG_WARN_DIRECT_OBJC_ISA_USAGE = YES_ERROR;
				CLANG_WARN_EMPTY_BODY = YES;
				CLANG_WARN_ENUM_CONVERSION = YES;
				CLANG_WARN_INT_CONVERSION = YES;
				CLANG_WARN_OBJC_ROOT_CLASS = YES_ERROR;
				CLANG_WARN_UNREACHABLE_CODE = YES;
				CLANG_WARN__DUPLICATE_METHOD_MATCH = YES;
				"CODE_SIGN_IDENTITY[sdk=iphoneos*]" = "iPhone Developer";
				COPY_PHASE_STRIP = NO;
				ENABLE_STRICT_OBJC_MSGSEND = YES;
				GCC_C_LANGUAGE_STANDARD = gnu99;
				GCC_DYNAMIC_NO_PIC = NO;
				GCC_OPTIMIZATION_LEVEL = 0;
				GCC_PREPROCESSOR_DEFINITIONS = (
					"DEBUG=1",
					"$(inherited)",
				);
				GCC_SYMBOLS_PRIVATE_EXTERN = NO;
				GCC_WARN_64_TO_32_BIT_CONVERSION = YES;
				GCC_WARN_ABOUT_RETURN_TYPE = YES_ERROR;
				GCC_WARN_UNDECLARED_SELECTOR = YES;
				GCC_WARN_UNINITIALIZED_AUTOS = YES_AGGRESSIVE;
				GCC_WARN_UNUSED_FUNCTION = YES;
				GCC_WARN_UNUSED_VARIABLE = YES;
				IPHONEOS_DEPLOYMENT_TARGET = 8.0;
				MTL_ENABLE_DEBUG_INFO = YES;
				ONLY_ACTIVE_ARCH = YES;
				SDKROOT = iphoneos;
			};
			name = Debug;
		};
		2C5F7C951980435500EFBD33 /* Release */ = {
			isa = XCBuildConfiguration;
			buildSettings = {
				ALWAYS_SEARCH_USER_PATHS = NO;
				CLANG_CXX_LANGUAGE_STANDARD = "gnu++0x";
				CLANG_CXX_LIBRARY = "libc++";
				CLANG_ENABLE_MODULES = YES;
				CLANG_ENABLE_OBJC_ARC = YES;
				CLANG_WARN_BOOL_CONVERSION = YES;
				CLANG_WARN_CONSTANT_CONVERSION = YES;
				CLANG_WARN_DIRECT_OBJC_ISA_USAGE = YES_ERROR;
				CLANG_WARN_EMPTY_BODY = YES;
				CLANG_WARN_ENUM_CONVERSION = YES;
				CLANG_WARN_INT_CONVERSION = YES;
				CLANG_WARN_OBJC_ROOT_CLASS = YES_ERROR;
				CLANG_WARN_UNREACHABLE_CODE = YES;
				CLANG_WARN__DUPLICATE_METHOD_MATCH = YES;
				"CODE_SIGN_IDENTITY[sdk=iphoneos*]" = "iPhone Developer";
				COPY_PHASE_STRIP = YES;
				ENABLE_NS_ASSERTIONS = NO;
				ENABLE_STRICT_OBJC_MSGSEND = YES;
				GCC_C_LANGUAGE_STANDARD = gnu99;
				GCC_WARN_64_TO_32_BIT_CONVERSION = YES;
				GCC_WARN_ABOUT_RETURN_TYPE = YES_ERROR;
				GCC_WARN_UNDECLARED_SELECTOR = YES;
				GCC_WARN_UNINITIALIZED_AUTOS = YES_AGGRESSIVE;
				GCC_WARN_UNUSED_FUNCTION = YES;
				GCC_WARN_UNUSED_VARIABLE = YES;
				IPHONEOS_DEPLOYMENT_TARGET = 8.0;
				MTL_ENABLE_DEBUG_INFO = NO;
				SDKROOT = iphoneos;
				VALIDATE_PRODUCT = YES;
			};
			name = Release;
		};
		2C5F7C971980435500EFBD33 /* Debug */ = {
			isa = XCBuildConfiguration;
			buildSettings = {
				ASSETCATALOG_COMPILER_APPICON_NAME = AppIcon;
				ASSETCATALOG_COMPILER_LAUNCHIMAGE_NAME = LaunchImage;
				INFOPLIST_FILE = ColorBoard/Info.plist;
				LD_RUNPATH_SEARCH_PATHS = "$(inherited) @executable_path/Frameworks";
				PRODUCT_NAME = "$(TARGET_NAME)";
			};
			name = Debug;
		};
		2C5F7C981980435500EFBD33 /* Release */ = {
			isa = XCBuildConfiguration;
			buildSettings = {
				ASSETCATALOG_COMPILER_APPICON_NAME = AppIcon;
				ASSETCATALOG_COMPILER_LAUNCHIMAGE_NAME = LaunchImage;
				INFOPLIST_FILE = ColorBoard/Info.plist;
				LD_RUNPATH_SEARCH_PATHS = "$(inherited) @executable_path/Frameworks";
				PRODUCT_NAME = "$(TARGET_NAME)";
			};
			name = Release;
		};
		2C5F7C9A1980435500EFBD33 /* Debug */ = {
			isa = XCBuildConfiguration;
			buildSettings = {
				BUNDLE_LOADER = "$(BUILT_PRODUCTS_DIR)/ColorBoard.app/ColorBoard";
				FRAMEWORK_SEARCH_PATHS = (
					"$(SDKROOT)/Developer/Library/Frameworks",
					"$(inherited)",
				);
				GCC_PREPROCESSOR_DEFINITIONS = (
					"DEBUG=1",
					"$(inherited)",
				);
				INFOPLIST_FILE = ColorBoardTests/Info.plist;
				LD_RUNPATH_SEARCH_PATHS = "$(inherited) @executable_path/Frameworks @loader_path/Frameworks";
				PRODUCT_NAME = "$(TARGET_NAME)";
				TEST_HOST = "$(BUNDLE_LOADER)";
			};
			name = Debug;
		};
		2C5F7C9B1980435500EFBD33 /* Release */ = {
			isa = XCBuildConfiguration;
			buildSettings = {
				BUNDLE_LOADER = "$(BUILT_PRODUCTS_DIR)/ColorBoard.app/ColorBoard";
				FRAMEWORK_SEARCH_PATHS = (
					"$(SDKROOT)/Developer/Library/Frameworks",
					"$(inherited)",
				);
				INFOPLIST_FILE = ColorBoardTests/Info.plist;
				LD_RUNPATH_SEARCH_PATHS = "$(inherited) @executable_path/Frameworks @loader_path/Frameworks";
				PRODUCT_NAME = "$(TARGET_NAME)";
				TEST_HOST = "$(BUNDLE_LOADER)";
			};
			name = Release;
		};
/* End XCBuildConfiguration section */

/* Begin XCConfigurationList section */
		2C5F7C711980435500EFBD33 /* Build configuration list for PBXProject "ColorBoard" */ = {
			isa = XCConfigurationList;
			buildConfigurations = (
				2C5F7C941980435500EFBD33 /* Debug */,
				2C5F7C951980435500EFBD33 /* Release */,
			);
			defaultConfigurationIsVisible = 0;
			defaultConfigurationName = Release;
		};
		2C5F7C961980435500EFBD33 /* Build configuration list for PBXNativeTarget "ColorBoard" */ = {
			isa = XCConfigurationList;
			buildConfigurations = (
				2C5F7C971980435500EFBD33 /* Debug */,
				2C5F7C981980435500EFBD33 /* Release */,
			);
			defaultConfigurationIsVisible = 0;
			defaultConfigurationName = Release;
		};
		2C5F7C991980435500EFBD33 /* Build configuration list for PBXNativeTarget "ColorBoardTests" */ = {
			isa = XCConfigurationList;
			buildConfigurations = (
				2C5F7C9A1980435500EFBD33 /* Debug */,
				2C5F7C9B1980435500EFBD33 /* Release */,
			);
			defaultConfigurationIsVisible = 0;
			defaultConfigurationName = Release;
		};
/* End XCConfigurationList section */
	};
	rootObject = 2C5F7C6E1980435500EFBD33 /* Project object */;
}
